
Microsoft Visual Studio Solution File, Format Version 12.00
# Visual Studio Version 16
VisualStudioVersion = 16.0.30114.105
MinimumVisualStudioVersion = 10.0.40219.1
Project("{2150E333-8FDC-42A3-9474-1A3956D46DE8}") = "BuildingBlocks", "BuildingBlocks", "{5B69EDFD-4B09-457A-AAAF-D816D402D595}"
EndProject
Project("{2150E333-8FDC-42A3-9474-1A3956D46DE8}") = "Services", "Services", "{9010E0B5-9C42-4256-ADE4-E290434F2CEF}"
EndProject
Project("{2150E333-8FDC-42A3-9474-1A3956D46DE8}") = "ApiGateway", "ApiGateway", "{3E38DD17-9EEE-4815-9D5B-BEB5549020A0}"
EndProject
Project("{2150E333-8FDC-42A3-9474-1A3956D46DE8}") = "src", "src", "{776BDF43-0DEA-44A3-AF72-99408CE544EE}"
EndProject
Project("{FAE04EC0-301F-11D3-BF4B-00C04F79EFBC}") = "ApiGateway", "src\ApiGateway\src\ApiGateway.csproj", "{A2D7C5C4-5148-4C3E-BB12-B7A197A290F5}"
EndProject
Project("{FAE04EC0-301F-11D3-BF4B-00C04F79EFBC}") = "BuildingBlocks", "src\BuildingBlocks\BuildingBlocks.csproj", "{E42BB533-4144-4D78-BCCE-50BA00BCADBE}"
EndProject
Project("{2150E333-8FDC-42A3-9474-1A3956D46DE8}") = "Flight", "Flight", "{5F0996AB-F8DB-4240-BD4A-DFDD70638A73}"
EndProject
Project("{2150E333-8FDC-42A3-9474-1A3956D46DE8}") = "Passenger", "Passenger", "{1A2ABCD9-493B-4848-9C69-919CDBCA61F3}"
EndProject
Project("{2150E333-8FDC-42A3-9474-1A3956D46DE8}") = "Booking", "Booking", "{22447274-717D-4321-87F3-868BAF93CBEC}"
EndProject
Project("{2150E333-8FDC-42A3-9474-1A3956D46DE8}") = "Identity", "Identity", "{55BE6759-95AA-434D-925D-A8D32F274E66}"
EndProject
Project("{2150E333-8FDC-42A3-9474-1A3956D46DE8}") = "src", "src", "{E2637D6D-04A5-4DE4-8AAF-E015C65DE8E1}"
EndProject
Project("{2150E333-8FDC-42A3-9474-1A3956D46DE8}") = "tests", "tests", "{5185D5C5-0EAD-49D5-B405-93B939F3639B}"
EndProject
Project("{2150E333-8FDC-42A3-9474-1A3956D46DE8}") = "src", "src", "{53D0AA09-F5FA-4721-8C1B-375CBD15B4E8}"
EndProject
Project("{2150E333-8FDC-42A3-9474-1A3956D46DE8}") = "tests", "tests", "{C6EE337B-91EA-472A-87C7-E9528408CE59}"
EndProject
Project("{2150E333-8FDC-42A3-9474-1A3956D46DE8}") = "src", "src", "{F39D8F09-6233-4495-ACD0-F98904993B7E}"
EndProject
Project("{2150E333-8FDC-42A3-9474-1A3956D46DE8}") = "tests", "tests", "{295284BA-D4E4-40AA-A2C2-BE36343F7DE6}"
EndProject
Project("{2150E333-8FDC-42A3-9474-1A3956D46DE8}") = "src", "src", "{85DA00E5-CC11-463C-8577-C34967C328F7}"
EndProject
Project("{2150E333-8FDC-42A3-9474-1A3956D46DE8}") = "tests", "tests", "{C1EBE17D-BFAD-47DA-88EB-BB073B84593E}"
EndProject
Project("{FAE04EC0-301F-11D3-BF4B-00C04F79EFBC}") = "Booking", "src\Services\Booking\src\Booking\Booking.csproj", "{B2BAA061-C005-409F-9D3E-BDCBE5B1B136}"
EndProject
Project("{FAE04EC0-301F-11D3-BF4B-00C04F79EFBC}") = "Booking.Api", "src\Services\Booking\src\Booking.Api\Booking.Api.csproj", "{4E8FB852-4317-43D2-8EFC-14E3ECCFDA2C}"
EndProject
Project("{FAE04EC0-301F-11D3-BF4B-00C04F79EFBC}") = "Flight", "src\Services\Flight\src\Flight\Flight.csproj", "{574222F8-9C26-4015-8F35-C1E5D41A505F}"
EndProject
Project("{FAE04EC0-301F-11D3-BF4B-00C04F79EFBC}") = "Flight.Api", "src\Services\Flight\src\Flight.Api\Flight.Api.csproj", "{B8F734F5-873C-4367-9EBD-38EA420CD868}"
EndProject
Project("{FAE04EC0-301F-11D3-BF4B-00C04F79EFBC}") = "Identity", "src\Services\Identity\src\Identity\Identity.csproj", "{65C1BB58-2A2E-44FF-B15D-2B023CF088D4}"
EndProject
Project("{FAE04EC0-301F-11D3-BF4B-00C04F79EFBC}") = "Identity.Api", "src\Services\Identity\src\Identity.Api\Identity.Api.csproj", "{BEE7A9D7-1BFC-477E-B070-4BE63C0361AA}"
EndProject
Project("{FAE04EC0-301F-11D3-BF4B-00C04F79EFBC}") = "Passenger", "src\Services\Passenger\src\Passenger\Passenger.csproj", "{6D7BCECE-D77D-4C57-A296-CA6E728E94B7}"
EndProject
Project("{FAE04EC0-301F-11D3-BF4B-00C04F79EFBC}") = "Passenger.Api", "src\Services\Passenger\src\Passenger.Api\Passenger.Api.csproj", "{4F29C4B6-A7DA-4A92-9CDB-42FE98238837}"
EndProject
Project("{FAE04EC0-301F-11D3-BF4B-00C04F79EFBC}") = "Integration.Test", "src\Services\Flight\tests\IntegrationTest\Integration.Test.csproj", "{6B6603C8-D8B6-4775-9C7A-FFE6058070C2}"
EndProject
Project("{FAE04EC0-301F-11D3-BF4B-00C04F79EFBC}") = "Integration.Test", "src\Services\Identity\tests\IntegrationTest\Integration.Test.csproj", "{BC7871B8-BB18-4BCC-96A8-7324C11BF4A2}"
EndProject
Project("{FAE04EC0-301F-11D3-BF4B-00C04F79EFBC}") = "Integration.Test", "src\Services\Passenger\tests\IntegrationTest\Integration.Test.csproj", "{539364C8-88B1-48A3-8406-D0B19FF30509}"
EndProject
Project("{FAE04EC0-301F-11D3-BF4B-00C04F79EFBC}") = "Integration.Test", "src\Services\Booking\tests\IntegrationTest\Integration.Test.csproj", "{50C66B53-ACA0-4AFF-8C5C-834D4EDA8FAC}"
EndProject
Project("{FAE04EC0-301F-11D3-BF4B-00C04F79EFBC}") = "Unit.Test", "src\Services\Flight\tests\UnitTest\Unit.Test.csproj", "{8F78BCE2-C705-4357-A6B9-1B83B55ABBE8}"
EndProject
Project("{FAE04EC0-301F-11D3-BF4B-00C04F79EFBC}") = "EndToEnd.Test", "src\Services\Flight\tests\EndToEndTest\EndToEnd.Test.csproj", "{8561089E-9FB9-4ACD-A1F5-EAAF213E1DDB}"
EndProject
Global
	GlobalSection(SolutionConfigurationPlatforms) = preSolution
		Debug|Any CPU = Debug|Any CPU
		Release|Any CPU = Release|Any CPU
	EndGlobalSection
	GlobalSection(SolutionProperties) = preSolution
		HideSolutionNode = FALSE
	EndGlobalSection
	GlobalSection(NestedProjects) = preSolution
		{776BDF43-0DEA-44A3-AF72-99408CE544EE} = {3E38DD17-9EEE-4815-9D5B-BEB5549020A0}
		{A2D7C5C4-5148-4C3E-BB12-B7A197A290F5} = {776BDF43-0DEA-44A3-AF72-99408CE544EE}
		{E42BB533-4144-4D78-BCCE-50BA00BCADBE} = {5B69EDFD-4B09-457A-AAAF-D816D402D595}
		{5F0996AB-F8DB-4240-BD4A-DFDD70638A73} = {9010E0B5-9C42-4256-ADE4-E290434F2CEF}
		{1A2ABCD9-493B-4848-9C69-919CDBCA61F3} = {9010E0B5-9C42-4256-ADE4-E290434F2CEF}
		{22447274-717D-4321-87F3-868BAF93CBEC} = {9010E0B5-9C42-4256-ADE4-E290434F2CEF}
		{55BE6759-95AA-434D-925D-A8D32F274E66} = {9010E0B5-9C42-4256-ADE4-E290434F2CEF}
		{E2637D6D-04A5-4DE4-8AAF-E015C65DE8E1} = {22447274-717D-4321-87F3-868BAF93CBEC}
		{5185D5C5-0EAD-49D5-B405-93B939F3639B} = {22447274-717D-4321-87F3-868BAF93CBEC}
		{53D0AA09-F5FA-4721-8C1B-375CBD15B4E8} = {5F0996AB-F8DB-4240-BD4A-DFDD70638A73}
		{C6EE337B-91EA-472A-87C7-E9528408CE59} = {5F0996AB-F8DB-4240-BD4A-DFDD70638A73}
		{F39D8F09-6233-4495-ACD0-F98904993B7E} = {55BE6759-95AA-434D-925D-A8D32F274E66}
		{295284BA-D4E4-40AA-A2C2-BE36343F7DE6} = {55BE6759-95AA-434D-925D-A8D32F274E66}
		{85DA00E5-CC11-463C-8577-C34967C328F7} = {1A2ABCD9-493B-4848-9C69-919CDBCA61F3}
		{C1EBE17D-BFAD-47DA-88EB-BB073B84593E} = {1A2ABCD9-493B-4848-9C69-919CDBCA61F3}
		{B2BAA061-C005-409F-9D3E-BDCBE5B1B136} = {E2637D6D-04A5-4DE4-8AAF-E015C65DE8E1}
		{4E8FB852-4317-43D2-8EFC-14E3ECCFDA2C} = {E2637D6D-04A5-4DE4-8AAF-E015C65DE8E1}
		{574222F8-9C26-4015-8F35-C1E5D41A505F} = {53D0AA09-F5FA-4721-8C1B-375CBD15B4E8}
		{B8F734F5-873C-4367-9EBD-38EA420CD868} = {53D0AA09-F5FA-4721-8C1B-375CBD15B4E8}
		{65C1BB58-2A2E-44FF-B15D-2B023CF088D4} = {F39D8F09-6233-4495-ACD0-F98904993B7E}
		{BEE7A9D7-1BFC-477E-B070-4BE63C0361AA} = {F39D8F09-6233-4495-ACD0-F98904993B7E}
		{6D7BCECE-D77D-4C57-A296-CA6E728E94B7} = {85DA00E5-CC11-463C-8577-C34967C328F7}
		{4F29C4B6-A7DA-4A92-9CDB-42FE98238837} = {85DA00E5-CC11-463C-8577-C34967C328F7}
		{6B6603C8-D8B6-4775-9C7A-FFE6058070C2} = {C6EE337B-91EA-472A-87C7-E9528408CE59}
		{BC7871B8-BB18-4BCC-96A8-7324C11BF4A2} = {295284BA-D4E4-40AA-A2C2-BE36343F7DE6}
		{539364C8-88B1-48A3-8406-D0B19FF30509} = {C1EBE17D-BFAD-47DA-88EB-BB073B84593E}
		{50C66B53-ACA0-4AFF-8C5C-834D4EDA8FAC} = {5185D5C5-0EAD-49D5-B405-93B939F3639B}
		{8F78BCE2-C705-4357-A6B9-1B83B55ABBE8} = {C6EE337B-91EA-472A-87C7-E9528408CE59}
		{8561089E-9FB9-4ACD-A1F5-EAAF213E1DDB} = {C6EE337B-91EA-472A-87C7-E9528408CE59}
	EndGlobalSection
	GlobalSection(ProjectConfigurationPlatforms) = postSolution
		{A2D7C5C4-5148-4C3E-BB12-B7A197A290F5}.Debug|Any CPU.ActiveCfg = Debug|Any CPU
		{A2D7C5C4-5148-4C3E-BB12-B7A197A290F5}.Debug|Any CPU.Build.0 = Debug|Any CPU
		{A2D7C5C4-5148-4C3E-BB12-B7A197A290F5}.Release|Any CPU.ActiveCfg = Release|Any CPU
		{A2D7C5C4-5148-4C3E-BB12-B7A197A290F5}.Release|Any CPU.Build.0 = Release|Any CPU
		{E42BB533-4144-4D78-BCCE-50BA00BCADBE}.Debug|Any CPU.ActiveCfg = Debug|Any CPU
		{E42BB533-4144-4D78-BCCE-50BA00BCADBE}.Debug|Any CPU.Build.0 = Debug|Any CPU
		{E42BB533-4144-4D78-BCCE-50BA00BCADBE}.Release|Any CPU.ActiveCfg = Release|Any CPU
		{E42BB533-4144-4D78-BCCE-50BA00BCADBE}.Release|Any CPU.Build.0 = Release|Any CPU
		{B2BAA061-C005-409F-9D3E-BDCBE5B1B136}.Debug|Any CPU.ActiveCfg = Debug|Any CPU
		{B2BAA061-C005-409F-9D3E-BDCBE5B1B136}.Debug|Any CPU.Build.0 = Debug|Any CPU
		{B2BAA061-C005-409F-9D3E-BDCBE5B1B136}.Release|Any CPU.ActiveCfg = Release|Any CPU
		{B2BAA061-C005-409F-9D3E-BDCBE5B1B136}.Release|Any CPU.Build.0 = Release|Any CPU
		{4E8FB852-4317-43D2-8EFC-14E3ECCFDA2C}.Debug|Any CPU.ActiveCfg = Debug|Any CPU
		{4E8FB852-4317-43D2-8EFC-14E3ECCFDA2C}.Debug|Any CPU.Build.0 = Debug|Any CPU
		{4E8FB852-4317-43D2-8EFC-14E3ECCFDA2C}.Release|Any CPU.ActiveCfg = Release|Any CPU
		{4E8FB852-4317-43D2-8EFC-14E3ECCFDA2C}.Release|Any CPU.Build.0 = Release|Any CPU
		{574222F8-9C26-4015-8F35-C1E5D41A505F}.Debug|Any CPU.ActiveCfg = Debug|Any CPU
		{574222F8-9C26-4015-8F35-C1E5D41A505F}.Debug|Any CPU.Build.0 = Debug|Any CPU
		{574222F8-9C26-4015-8F35-C1E5D41A505F}.Release|Any CPU.ActiveCfg = Release|Any CPU
		{574222F8-9C26-4015-8F35-C1E5D41A505F}.Release|Any CPU.Build.0 = Release|Any CPU
		{B8F734F5-873C-4367-9EBD-38EA420CD868}.Debug|Any CPU.ActiveCfg = Debug|Any CPU
		{B8F734F5-873C-4367-9EBD-38EA420CD868}.Debug|Any CPU.Build.0 = Debug|Any CPU
		{B8F734F5-873C-4367-9EBD-38EA420CD868}.Release|Any CPU.ActiveCfg = Release|Any CPU
		{B8F734F5-873C-4367-9EBD-38EA420CD868}.Release|Any CPU.Build.0 = Release|Any CPU
		{65C1BB58-2A2E-44FF-B15D-2B023CF088D4}.Debug|Any CPU.ActiveCfg = Debug|Any CPU
		{65C1BB58-2A2E-44FF-B15D-2B023CF088D4}.Debug|Any CPU.Build.0 = Debug|Any CPU
		{65C1BB58-2A2E-44FF-B15D-2B023CF088D4}.Release|Any CPU.ActiveCfg = Release|Any CPU
		{65C1BB58-2A2E-44FF-B15D-2B023CF088D4}.Release|Any CPU.Build.0 = Release|Any CPU
		{BEE7A9D7-1BFC-477E-B070-4BE63C0361AA}.Debug|Any CPU.ActiveCfg = Debug|Any CPU
		{BEE7A9D7-1BFC-477E-B070-4BE63C0361AA}.Debug|Any CPU.Build.0 = Debug|Any CPU
		{BEE7A9D7-1BFC-477E-B070-4BE63C0361AA}.Release|Any CPU.ActiveCfg = Release|Any CPU
		{BEE7A9D7-1BFC-477E-B070-4BE63C0361AA}.Release|Any CPU.Build.0 = Release|Any CPU
		{6D7BCECE-D77D-4C57-A296-CA6E728E94B7}.Debug|Any CPU.ActiveCfg = Debug|Any CPU
		{6D7BCECE-D77D-4C57-A296-CA6E728E94B7}.Debug|Any CPU.Build.0 = Debug|Any CPU
		{6D7BCECE-D77D-4C57-A296-CA6E728E94B7}.Release|Any CPU.ActiveCfg = Release|Any CPU
		{6D7BCECE-D77D-4C57-A296-CA6E728E94B7}.Release|Any CPU.Build.0 = Release|Any CPU
		{4F29C4B6-A7DA-4A92-9CDB-42FE98238837}.Debug|Any CPU.ActiveCfg = Debug|Any CPU
		{4F29C4B6-A7DA-4A92-9CDB-42FE98238837}.Debug|Any CPU.Build.0 = Debug|Any CPU
		{4F29C4B6-A7DA-4A92-9CDB-42FE98238837}.Release|Any CPU.ActiveCfg = Release|Any CPU
		{4F29C4B6-A7DA-4A92-9CDB-42FE98238837}.Release|Any CPU.Build.0 = Release|Any CPU
		{6B6603C8-D8B6-4775-9C7A-FFE6058070C2}.Debug|Any CPU.ActiveCfg = Debug|Any CPU
		{6B6603C8-D8B6-4775-9C7A-FFE6058070C2}.Debug|Any CPU.Build.0 = Debug|Any CPU
		{6B6603C8-D8B6-4775-9C7A-FFE6058070C2}.Release|Any CPU.ActiveCfg = Release|Any CPU
		{6B6603C8-D8B6-4775-9C7A-FFE6058070C2}.Release|Any CPU.Build.0 = Release|Any CPU
		{BC7871B8-BB18-4BCC-96A8-7324C11BF4A2}.Debug|Any CPU.ActiveCfg = Debug|Any CPU
		{BC7871B8-BB18-4BCC-96A8-7324C11BF4A2}.Debug|Any CPU.Build.0 = Debug|Any CPU
		{BC7871B8-BB18-4BCC-96A8-7324C11BF4A2}.Release|Any CPU.ActiveCfg = Release|Any CPU
		{BC7871B8-BB18-4BCC-96A8-7324C11BF4A2}.Release|Any CPU.Build.0 = Release|Any CPU
		{539364C8-88B1-48A3-8406-D0B19FF30509}.Debug|Any CPU.ActiveCfg = Debug|Any CPU
		{539364C8-88B1-48A3-8406-D0B19FF30509}.Debug|Any CPU.Build.0 = Debug|Any CPU
		{539364C8-88B1-48A3-8406-D0B19FF30509}.Release|Any CPU.ActiveCfg = Release|Any CPU
		{539364C8-88B1-48A3-8406-D0B19FF30509}.Release|Any CPU.Build.0 = Release|Any CPU
		{50C66B53-ACA0-4AFF-8C5C-834D4EDA8FAC}.Debug|Any CPU.ActiveCfg = Debug|Any CPU
		{50C66B53-ACA0-4AFF-8C5C-834D4EDA8FAC}.Debug|Any CPU.Build.0 = Debug|Any CPU
		{50C66B53-ACA0-4AFF-8C5C-834D4EDA8FAC}.Release|Any CPU.ActiveCfg = Release|Any CPU
		{50C66B53-ACA0-4AFF-8C5C-834D4EDA8FAC}.Release|Any CPU.Build.0 = Release|Any CPU
		{8F78BCE2-C705-4357-A6B9-1B83B55ABBE8}.Debug|Any CPU.ActiveCfg = Debug|Any CPU
		{8F78BCE2-C705-4357-A6B9-1B83B55ABBE8}.Debug|Any CPU.Build.0 = Debug|Any CPU
		{8F78BCE2-C705-4357-A6B9-1B83B55ABBE8}.Release|Any CPU.ActiveCfg = Release|Any CPU
		{8F78BCE2-C705-4357-A6B9-1B83B55ABBE8}.Release|Any CPU.Build.0 = Release|Any CPU
		{8561089E-9FB9-4ACD-A1F5-EAAF213E1DDB}.Debug|Any CPU.ActiveCfg = Debug|Any CPU
		{8561089E-9FB9-4ACD-A1F5-EAAF213E1DDB}.Debug|Any CPU.Build.0 = Debug|Any CPU
		{8561089E-9FB9-4ACD-A1F5-EAAF213E1DDB}.Release|Any CPU.ActiveCfg = Release|Any CPU
		{8561089E-9FB9-4ACD-A1F5-EAAF213E1DDB}.Release|Any CPU.Build.0 = Release|Any CPU
	EndGlobalSection
EndGlobal
