
Microsoft Visual Studio Solution File, Format Version 12.00
# Visual Studio Version 17
VisualStudioVersion = 17.0.31903.59
MinimumVisualStudioVersion = 10.0.40219.1
Project("{2150E333-8FDC-42A3-9474-1A3956D46DE8}") = "src", "src", "{CD4A4407-C3B0-422D-BB8C-2A810CED9938}"
EndProject
Project("{2150E333-8FDC-42A3-9474-1A3956D46DE8}") = "ApiGateway", "ApiGateway", "{CDFA86FA-BBBA-4A5B-A833-3BE219E373E5}"
EndProject
Project("{2150E333-8FDC-42A3-9474-1A3956D46DE8}") = "Services", "Services", "{B19FD14B-4DFE-26B6-646B-3D5D94CC4D36}"
EndProject
Project("{2150E333-8FDC-42A3-9474-1A3956D46DE8}") = "BuildingBlocks", "BuildingBlocks", "{C734CEF7-A2AC-3076-84D8-694B7490AA9D}"
EndProject
Project("{2150E333-8FDC-42A3-9474-1A3956D46DE8}") = "Flight", "Flight", "{A3579DE0-F7C5-67E8-3CF8-3AC89B64E059}"
EndProject
Project("{2150E333-8FDC-42A3-9474-1A3956D46DE8}") = "Booking", "Booking", "{C6034A5C-F49A-5FA4-86A6-65B2CB19613F}"
EndProject
Project("{2150E333-8FDC-42A3-9474-1A3956D46DE8}") = "Passenger", "Passenger", "{9D4F3958-FE6E-C048-E6F9-6F53D8AF03CA}"
EndProject
Project("{2150E333-8FDC-42A3-9474-1A3956D46DE8}") = "Identity", "Identity", "{B465D535-05D9-3A0A-08BF-35A1C18CEC46}"
EndProject
Project("{2150E333-8FDC-42A3-9474-1A3956D46DE8}") = "src", "src", "{A2834164-BF04-BF13-ADC5-A97145852861}"
EndProject
Project("{2150E333-8FDC-42A3-9474-1A3956D46DE8}") = "tests", "tests", "{1B4FBE3A-43F5-1B1E-2877-3036AC5431EF}"
EndProject
Project("{2150E333-8FDC-42A3-9474-1A3956D46DE8}") = "src", "src", "{DDEDC5E0-5D13-A45C-2393-A774DD4A1A07}"
EndProject
Project("{2150E333-8FDC-42A3-9474-1A3956D46DE8}") = "tests", "tests", "{51D8F471-B8EB-AD1C-0E89-AA84C5D0C759}"
EndProject
Project("{2150E333-8FDC-42A3-9474-1A3956D46DE8}") = "src", "src", "{773BFBD8-04CD-79F8-8301-C81308C3ED45}"
EndProject
Project("{2150E333-8FDC-42A3-9474-1A3956D46DE8}") = "tests", "tests", "{4B043475-1AFA-C467-FE09-A46D09CD6936}"
EndProject
Project("{2150E333-8FDC-42A3-9474-1A3956D46DE8}") = "src", "src", "{5CED3889-AECF-A6CD-55DC-F680D3C18861}"
EndProject
Project("{2150E333-8FDC-42A3-9474-1A3956D46DE8}") = "tests", "tests", "{54BCCDE8-25E6-6FCB-4A9E-D5D2AF76D352}"
EndProject
Project("{FAE04EC0-301F-11D3-BF4B-00C04F79EFBC}") = "Booking.Api", "src\Services\Booking\src\Booking.Api\Booking.Api.csproj", "{D3BF565A-C413-4185-9528-BE1B4F46993C}"
EndProject
Project("{FAE04EC0-301F-11D3-BF4B-00C04F79EFBC}") = "Booking", "src\Services\Booking\src\Booking\Booking.csproj", "{3EA375C7-2900-4927-B1E5-C9D31E67F4A8}"
EndProject
Project("{FAE04EC0-301F-11D3-BF4B-00C04F79EFBC}") = "Flight", "src\Services\Flight\src\Flight\Flight.csproj", "{BCC8A8A6-C2ED-42D2-86BB-A05C790D7279}"
EndProject
Project("{FAE04EC0-301F-11D3-BF4B-00C04F79EFBC}") = "Flight.Api", "src\Services\Flight\src\Flight.Api\Flight.Api.csproj", "{836D1466-3C20-4D74-B54A-FA09C0EE0FA2}"
EndProject
Project("{FAE04EC0-301F-11D3-BF4B-00C04F79EFBC}") = "Identity", "src\Services\Identity\src\Identity\Identity.csproj", "{BCDEAB10-6373-46E7-B408-846A3B0B508B}"
EndProject
Project("{FAE04EC0-301F-11D3-BF4B-00C04F79EFBC}") = "Identity.Api", "src\Services\Identity\src\Identity.Api\Identity.Api.csproj", "{B0EC74C5-9B2D-492C-ABAE-3E868397B122}"
EndProject
Project("{FAE04EC0-301F-11D3-BF4B-00C04F79EFBC}") = "Passenger", "src\Services\Passenger\src\Passenger\Passenger.csproj", "{9B4BDD42-56F3-4DB9-B3E5-74ABB7C19538}"
EndProject
Project("{FAE04EC0-301F-11D3-BF4B-00C04F79EFBC}") = "Passenger.Api", "src\Services\Passenger\src\Passenger.Api\Passenger.Api.csproj", "{101FFD12-17A4-4615-9438-F347BBF4CC85}"
EndProject
Project("{FAE04EC0-301F-11D3-BF4B-00C04F79EFBC}") = "BuildingBlocks", "src\BuildingBlocks\BuildingBlocks.csproj", "{AEDB3219-5E1D-4716-8DE2-F5F9391913A2}"
EndProject
Project("{2150E333-8FDC-42A3-9474-1A3956D46DE8}") = "src", "src", "{427BE8BE-DA7B-FC74-412B-547671E05463}"
EndProject
Project("{FAE04EC0-301F-11D3-BF4B-00C04F79EFBC}") = "ApiGateway", "src\ApiGateway\src\ApiGateway.csproj", "{C015BF35-6977-407B-8948-636A9C81C5BE}"
EndProject
Project("{FAE04EC0-301F-11D3-BF4B-00C04F79EFBC}") = "Integration.Test", "src\Services\Booking\tests\IntegrationTest\Integration.Test.csproj", "{19A89F36-FD3A-448D-90D1-04A1B67BB255}"
EndProject
Project("{FAE04EC0-301F-11D3-BF4B-00C04F79EFBC}") = "EndToEnd.Test", "src\Services\Flight\tests\EndToEndTest\EndToEnd.Test.csproj", "{B27759CD-5A7D-43A4-A55C-FE1154DC4CC4}"
EndProject
Project("{FAE04EC0-301F-11D3-BF4B-00C04F79EFBC}") = "Integration.Test", "src\Services\Flight\tests\IntegrationTest\Integration.Test.csproj", "{BD23EEF8-9196-4E0F-BF33-E14E99D34C1B}"
EndProject
Project("{FAE04EC0-301F-11D3-BF4B-00C04F79EFBC}") = "Unit.Test", "src\Services\Flight\tests\UnitTest\Unit.Test.csproj", "{B52D6341-AAD9-43CB-82AF-2DBE39CBF1DB}"
EndProject
Project("{FAE04EC0-301F-11D3-BF4B-00C04F79EFBC}") = "Integration.Test", "src\Services\Identity\tests\IntegrationTest\Integration.Test.csproj", "{0DAACE48-4EA6-4DB7-8A5C-99B86BCB1E01}"
EndProject
Project("{FAE04EC0-301F-11D3-BF4B-00C04F79EFBC}") = "Integration.Test", "src\Services\Passenger\tests\IntegrationTest\Integration.Test.csproj", "{A85AE27D-81ED-485A-BA4B-161B25BEB8A5}"
EndProject
Project("{2150E333-8FDC-42A3-9474-1A3956D46DE8}") = "Aspire", "Aspire", "{D1B6353A-63F5-4DD9-90E6-42B2CFDF1DEA}"
EndProject
Project("{2150E333-8FDC-42A3-9474-1A3956D46DE8}") = "src", "src", "{C4287034-6833-4505-A6EB-704A86392ECB}"
EndProject
Project("{FAE04EC0-301F-11D3-BF4B-00C04F79EFBC}") = "AppHost", "src\Aspire\src\AppHost\AppHost.csproj", "{490BCB11-314C-473C-9B85-A32164783507}"
EndProject
Global
	GlobalSection(SolutionConfigurationPlatforms) = preSolution
		Debug|Any CPU = Debug|Any CPU
		Debug|x64 = Debug|x64
		Debug|x86 = Debug|x86
		Release|Any CPU = Release|Any CPU
		Release|x64 = Release|x64
		Release|x86 = Release|x86
	EndGlobalSection
	GlobalSection(ProjectConfigurationPlatforms) = postSolution
		{D3BF565A-C413-4185-9528-BE1B4F46993C}.Debug|Any CPU.ActiveCfg = Debug|Any CPU
		{D3BF565A-C413-4185-9528-BE1B4F46993C}.Debug|Any CPU.Build.0 = Debug|Any CPU
		{D3BF565A-C413-4185-9528-BE1B4F46993C}.Debug|x64.ActiveCfg = Debug|Any CPU
		{D3BF565A-C413-4185-9528-BE1B4F46993C}.Debug|x64.Build.0 = Debug|Any CPU
		{D3BF565A-C413-4185-9528-BE1B4F46993C}.Debug|x86.ActiveCfg = Debug|Any CPU
		{D3BF565A-C413-4185-9528-BE1B4F46993C}.Debug|x86.Build.0 = Debug|Any CPU
		{D3BF565A-C413-4185-9528-BE1B4F46993C}.Release|Any CPU.ActiveCfg = Release|Any CPU
		{D3BF565A-C413-4185-9528-BE1B4F46993C}.Release|Any CPU.Build.0 = Release|Any CPU
		{D3BF565A-C413-4185-9528-BE1B4F46993C}.Release|x64.ActiveCfg = Release|Any CPU
		{D3BF565A-C413-4185-9528-BE1B4F46993C}.Release|x64.Build.0 = Release|Any CPU
		{D3BF565A-C413-4185-9528-BE1B4F46993C}.Release|x86.ActiveCfg = Release|Any CPU
		{D3BF565A-C413-4185-9528-BE1B4F46993C}.Release|x86.Build.0 = Release|Any CPU
		{3EA375C7-2900-4927-B1E5-C9D31E67F4A8}.Debug|Any CPU.ActiveCfg = Debug|Any CPU
		{3EA375C7-2900-4927-B1E5-C9D31E67F4A8}.Debug|Any CPU.Build.0 = Debug|Any CPU
		{3EA375C7-2900-4927-B1E5-C9D31E67F4A8}.Debug|x64.ActiveCfg = Debug|Any CPU
		{3EA375C7-2900-4927-B1E5-C9D31E67F4A8}.Debug|x64.Build.0 = Debug|Any CPU
		{3EA375C7-2900-4927-B1E5-C9D31E67F4A8}.Debug|x86.ActiveCfg = Debug|Any CPU
		{3EA375C7-2900-4927-B1E5-C9D31E67F4A8}.Debug|x86.Build.0 = Debug|Any CPU
		{3EA375C7-2900-4927-B1E5-C9D31E67F4A8}.Release|Any CPU.ActiveCfg = Release|Any CPU
		{3EA375C7-2900-4927-B1E5-C9D31E67F4A8}.Release|Any CPU.Build.0 = Release|Any CPU
		{3EA375C7-2900-4927-B1E5-C9D31E67F4A8}.Release|x64.ActiveCfg = Release|Any CPU
		{3EA375C7-2900-4927-B1E5-C9D31E67F4A8}.Release|x64.Build.0 = Release|Any CPU
		{3EA375C7-2900-4927-B1E5-C9D31E67F4A8}.Release|x86.ActiveCfg = Release|Any CPU
		{3EA375C7-2900-4927-B1E5-C9D31E67F4A8}.Release|x86.Build.0 = Release|Any CPU
		{BCC8A8A6-C2ED-42D2-86BB-A05C790D7279}.Debug|Any CPU.ActiveCfg = Debug|Any CPU
		{BCC8A8A6-C2ED-42D2-86BB-A05C790D7279}.Debug|Any CPU.Build.0 = Debug|Any CPU
		{BCC8A8A6-C2ED-42D2-86BB-A05C790D7279}.Debug|x64.ActiveCfg = Debug|Any CPU
		{BCC8A8A6-C2ED-42D2-86BB-A05C790D7279}.Debug|x64.Build.0 = Debug|Any CPU
		{BCC8A8A6-C2ED-42D2-86BB-A05C790D7279}.Debug|x86.ActiveCfg = Debug|Any CPU
		{BCC8A8A6-C2ED-42D2-86BB-A05C790D7279}.Debug|x86.Build.0 = Debug|Any CPU
		{BCC8A8A6-C2ED-42D2-86BB-A05C790D7279}.Release|Any CPU.ActiveCfg = Release|Any CPU
		{BCC8A8A6-C2ED-42D2-86BB-A05C790D7279}.Release|Any CPU.Build.0 = Release|Any CPU
		{BCC8A8A6-C2ED-42D2-86BB-A05C790D7279}.Release|x64.ActiveCfg = Release|Any CPU
		{BCC8A8A6-C2ED-42D2-86BB-A05C790D7279}.Release|x64.Build.0 = Release|Any CPU
		{BCC8A8A6-C2ED-42D2-86BB-A05C790D7279}.Release|x86.ActiveCfg = Release|Any CPU
		{BCC8A8A6-C2ED-42D2-86BB-A05C790D7279}.Release|x86.Build.0 = Release|Any CPU
		{836D1466-3C20-4D74-B54A-FA09C0EE0FA2}.Debug|Any CPU.ActiveCfg = Debug|Any CPU
		{836D1466-3C20-4D74-B54A-FA09C0EE0FA2}.Debug|Any CPU.Build.0 = Debug|Any CPU
		{836D1466-3C20-4D74-B54A-FA09C0EE0FA2}.Debug|x64.ActiveCfg = Debug|Any CPU
		{836D1466-3C20-4D74-B54A-FA09C0EE0FA2}.Debug|x64.Build.0 = Debug|Any CPU
		{836D1466-3C20-4D74-B54A-FA09C0EE0FA2}.Debug|x86.ActiveCfg = Debug|Any CPU
		{836D1466-3C20-4D74-B54A-FA09C0EE0FA2}.Debug|x86.Build.0 = Debug|Any CPU
		{836D1466-3C20-4D74-B54A-FA09C0EE0FA2}.Release|Any CPU.ActiveCfg = Release|Any CPU
		{836D1466-3C20-4D74-B54A-FA09C0EE0FA2}.Release|Any CPU.Build.0 = Release|Any CPU
		{836D1466-3C20-4D74-B54A-FA09C0EE0FA2}.Release|x64.ActiveCfg = Release|Any CPU
		{836D1466-3C20-4D74-B54A-FA09C0EE0FA2}.Release|x64.Build.0 = Release|Any CPU
		{836D1466-3C20-4D74-B54A-FA09C0EE0FA2}.Release|x86.ActiveCfg = Release|Any CPU
		{836D1466-3C20-4D74-B54A-FA09C0EE0FA2}.Release|x86.Build.0 = Release|Any CPU
		{BCDEAB10-6373-46E7-B408-846A3B0B508B}.Debug|Any CPU.ActiveCfg = Debug|Any CPU
		{BCDEAB10-6373-46E7-B408-846A3B0B508B}.Debug|Any CPU.Build.0 = Debug|Any CPU
		{BCDEAB10-6373-46E7-B408-846A3B0B508B}.Debug|x64.ActiveCfg = Debug|Any CPU
		{BCDEAB10-6373-46E7-B408-846A3B0B508B}.Debug|x64.Build.0 = Debug|Any CPU
		{BCDEAB10-6373-46E7-B408-846A3B0B508B}.Debug|x86.ActiveCfg = Debug|Any CPU
		{BCDEAB10-6373-46E7-B408-846A3B0B508B}.Debug|x86.Build.0 = Debug|Any CPU
		{BCDEAB10-6373-46E7-B408-846A3B0B508B}.Release|Any CPU.ActiveCfg = Release|Any CPU
		{BCDEAB10-6373-46E7-B408-846A3B0B508B}.Release|Any CPU.Build.0 = Release|Any CPU
		{BCDEAB10-6373-46E7-B408-846A3B0B508B}.Release|x64.ActiveCfg = Release|Any CPU
		{BCDEAB10-6373-46E7-B408-846A3B0B508B}.Release|x64.Build.0 = Release|Any CPU
		{BCDEAB10-6373-46E7-B408-846A3B0B508B}.Release|x86.ActiveCfg = Release|Any CPU
		{BCDEAB10-6373-46E7-B408-846A3B0B508B}.Release|x86.Build.0 = Release|Any CPU
		{B0EC74C5-9B2D-492C-ABAE-3E868397B122}.Debug|Any CPU.ActiveCfg = Debug|Any CPU
		{B0EC74C5-9B2D-492C-ABAE-3E868397B122}.Debug|Any CPU.Build.0 = Debug|Any CPU
		{B0EC74C5-9B2D-492C-ABAE-3E868397B122}.Debug|x64.ActiveCfg = Debug|Any CPU
		{B0EC74C5-9B2D-492C-ABAE-3E868397B122}.Debug|x64.Build.0 = Debug|Any CPU
		{B0EC74C5-9B2D-492C-ABAE-3E868397B122}.Debug|x86.ActiveCfg = Debug|Any CPU
		{B0EC74C5-9B2D-492C-ABAE-3E868397B122}.Debug|x86.Build.0 = Debug|Any CPU
		{B0EC74C5-9B2D-492C-ABAE-3E868397B122}.Release|Any CPU.ActiveCfg = Release|Any CPU
		{B0EC74C5-9B2D-492C-ABAE-3E868397B122}.Release|Any CPU.Build.0 = Release|Any CPU
		{B0EC74C5-9B2D-492C-ABAE-3E868397B122}.Release|x64.ActiveCfg = Release|Any CPU
		{B0EC74C5-9B2D-492C-ABAE-3E868397B122}.Release|x64.Build.0 = Release|Any CPU
		{B0EC74C5-9B2D-492C-ABAE-3E868397B122}.Release|x86.ActiveCfg = Release|Any CPU
		{B0EC74C5-9B2D-492C-ABAE-3E868397B122}.Release|x86.Build.0 = Release|Any CPU
		{9B4BDD42-56F3-4DB9-B3E5-74ABB7C19538}.Debug|Any CPU.ActiveCfg = Debug|Any CPU
		{9B4BDD42-56F3-4DB9-B3E5-74ABB7C19538}.Debug|Any CPU.Build.0 = Debug|Any CPU
		{9B4BDD42-56F3-4DB9-B3E5-74ABB7C19538}.Debug|x64.ActiveCfg = Debug|Any CPU
		{9B4BDD42-56F3-4DB9-B3E5-74ABB7C19538}.Debug|x64.Build.0 = Debug|Any CPU
		{9B4BDD42-56F3-4DB9-B3E5-74ABB7C19538}.Debug|x86.ActiveCfg = Debug|Any CPU
		{9B4BDD42-56F3-4DB9-B3E5-74ABB7C19538}.Debug|x86.Build.0 = Debug|Any CPU
		{9B4BDD42-56F3-4DB9-B3E5-74ABB7C19538}.Release|Any CPU.ActiveCfg = Release|Any CPU
		{9B4BDD42-56F3-4DB9-B3E5-74ABB7C19538}.Release|Any CPU.Build.0 = Release|Any CPU
		{9B4BDD42-56F3-4DB9-B3E5-74ABB7C19538}.Release|x64.ActiveCfg = Release|Any CPU
		{9B4BDD42-56F3-4DB9-B3E5-74ABB7C19538}.Release|x64.Build.0 = Release|Any CPU
		{9B4BDD42-56F3-4DB9-B3E5-74ABB7C19538}.Release|x86.ActiveCfg = Release|Any CPU
		{9B4BDD42-56F3-4DB9-B3E5-74ABB7C19538}.Release|x86.Build.0 = Release|Any CPU
		{101FFD12-17A4-4615-9438-F347BBF4CC85}.Debug|Any CPU.ActiveCfg = Debug|Any CPU
		{101FFD12-17A4-4615-9438-F347BBF4CC85}.Debug|Any CPU.Build.0 = Debug|Any CPU
		{101FFD12-17A4-4615-9438-F347BBF4CC85}.Debug|x64.ActiveCfg = Debug|Any CPU
		{101FFD12-17A4-4615-9438-F347BBF4CC85}.Debug|x64.Build.0 = Debug|Any CPU
		{101FFD12-17A4-4615-9438-F347BBF4CC85}.Debug|x86.ActiveCfg = Debug|Any CPU
		{101FFD12-17A4-4615-9438-F347BBF4CC85}.Debug|x86.Build.0 = Debug|Any CPU
		{101FFD12-17A4-4615-9438-F347BBF4CC85}.Release|Any CPU.ActiveCfg = Release|Any CPU
		{101FFD12-17A4-4615-9438-F347BBF4CC85}.Release|Any CPU.Build.0 = Release|Any CPU
		{101FFD12-17A4-4615-9438-F347BBF4CC85}.Release|x64.ActiveCfg = Release|Any CPU
		{101FFD12-17A4-4615-9438-F347BBF4CC85}.Release|x64.Build.0 = Release|Any CPU
		{101FFD12-17A4-4615-9438-F347BBF4CC85}.Release|x86.ActiveCfg = Release|Any CPU
		{101FFD12-17A4-4615-9438-F347BBF4CC85}.Release|x86.Build.0 = Release|Any CPU
		{AEDB3219-5E1D-4716-8DE2-F5F9391913A2}.Debug|Any CPU.ActiveCfg = Debug|Any CPU
		{AEDB3219-5E1D-4716-8DE2-F5F9391913A2}.Debug|Any CPU.Build.0 = Debug|Any CPU
		{AEDB3219-5E1D-4716-8DE2-F5F9391913A2}.Debug|x64.ActiveCfg = Debug|Any CPU
		{AEDB3219-5E1D-4716-8DE2-F5F9391913A2}.Debug|x64.Build.0 = Debug|Any CPU
		{AEDB3219-5E1D-4716-8DE2-F5F9391913A2}.Debug|x86.ActiveCfg = Debug|Any CPU
		{AEDB3219-5E1D-4716-8DE2-F5F9391913A2}.Debug|x86.Build.0 = Debug|Any CPU
		{AEDB3219-5E1D-4716-8DE2-F5F9391913A2}.Release|Any CPU.ActiveCfg = Release|Any CPU
		{AEDB3219-5E1D-4716-8DE2-F5F9391913A2}.Release|Any CPU.Build.0 = Release|Any CPU
		{AEDB3219-5E1D-4716-8DE2-F5F9391913A2}.Release|x64.ActiveCfg = Release|Any CPU
		{AEDB3219-5E1D-4716-8DE2-F5F9391913A2}.Release|x64.Build.0 = Release|Any CPU
		{AEDB3219-5E1D-4716-8DE2-F5F9391913A2}.Release|x86.ActiveCfg = Release|Any CPU
		{AEDB3219-5E1D-4716-8DE2-F5F9391913A2}.Release|x86.Build.0 = Release|Any CPU
		{C015BF35-6977-407B-8948-636A9C81C5BE}.Debug|Any CPU.ActiveCfg = Debug|Any CPU
		{C015BF35-6977-407B-8948-636A9C81C5BE}.Debug|Any CPU.Build.0 = Debug|Any CPU
		{C015BF35-6977-407B-8948-636A9C81C5BE}.Debug|x64.ActiveCfg = Debug|Any CPU
		{C015BF35-6977-407B-8948-636A9C81C5BE}.Debug|x64.Build.0 = Debug|Any CPU
		{C015BF35-6977-407B-8948-636A9C81C5BE}.Debug|x86.ActiveCfg = Debug|Any CPU
		{C015BF35-6977-407B-8948-636A9C81C5BE}.Debug|x86.Build.0 = Debug|Any CPU
		{C015BF35-6977-407B-8948-636A9C81C5BE}.Release|Any CPU.ActiveCfg = Release|Any CPU
		{C015BF35-6977-407B-8948-636A9C81C5BE}.Release|Any CPU.Build.0 = Release|Any CPU
		{C015BF35-6977-407B-8948-636A9C81C5BE}.Release|x64.ActiveCfg = Release|Any CPU
		{C015BF35-6977-407B-8948-636A9C81C5BE}.Release|x64.Build.0 = Release|Any CPU
		{C015BF35-6977-407B-8948-636A9C81C5BE}.Release|x86.ActiveCfg = Release|Any CPU
		{C015BF35-6977-407B-8948-636A9C81C5BE}.Release|x86.Build.0 = Release|Any CPU
		{19A89F36-FD3A-448D-90D1-04A1B67BB255}.Debug|Any CPU.ActiveCfg = Debug|Any CPU
		{19A89F36-FD3A-448D-90D1-04A1B67BB255}.Debug|Any CPU.Build.0 = Debug|Any CPU
		{19A89F36-FD3A-448D-90D1-04A1B67BB255}.Debug|x64.ActiveCfg = Debug|Any CPU
		{19A89F36-FD3A-448D-90D1-04A1B67BB255}.Debug|x64.Build.0 = Debug|Any CPU
		{19A89F36-FD3A-448D-90D1-04A1B67BB255}.Debug|x86.ActiveCfg = Debug|Any CPU
		{19A89F36-FD3A-448D-90D1-04A1B67BB255}.Debug|x86.Build.0 = Debug|Any CPU
		{19A89F36-FD3A-448D-90D1-04A1B67BB255}.Release|Any CPU.ActiveCfg = Release|Any CPU
		{19A89F36-FD3A-448D-90D1-04A1B67BB255}.Release|Any CPU.Build.0 = Release|Any CPU
		{19A89F36-FD3A-448D-90D1-04A1B67BB255}.Release|x64.ActiveCfg = Release|Any CPU
		{19A89F36-FD3A-448D-90D1-04A1B67BB255}.Release|x64.Build.0 = Release|Any CPU
		{19A89F36-FD3A-448D-90D1-04A1B67BB255}.Release|x86.ActiveCfg = Release|Any CPU
		{19A89F36-FD3A-448D-90D1-04A1B67BB255}.Release|x86.Build.0 = Release|Any CPU
		{B27759CD-5A7D-43A4-A55C-FE1154DC4CC4}.Debug|Any CPU.ActiveCfg = Debug|Any CPU
		{B27759CD-5A7D-43A4-A55C-FE1154DC4CC4}.Debug|Any CPU.Build.0 = Debug|Any CPU
		{B27759CD-5A7D-43A4-A55C-FE1154DC4CC4}.Debug|x64.ActiveCfg = Debug|Any CPU
		{B27759CD-5A7D-43A4-A55C-FE1154DC4CC4}.Debug|x64.Build.0 = Debug|Any CPU
		{B27759CD-5A7D-43A4-A55C-FE1154DC4CC4}.Debug|x86.ActiveCfg = Debug|Any CPU
		{B27759CD-5A7D-43A4-A55C-FE1154DC4CC4}.Debug|x86.Build.0 = Debug|Any CPU
		{B27759CD-5A7D-43A4-A55C-FE1154DC4CC4}.Release|Any CPU.ActiveCfg = Release|Any CPU
		{B27759CD-5A7D-43A4-A55C-FE1154DC4CC4}.Release|Any CPU.Build.0 = Release|Any CPU
		{B27759CD-5A7D-43A4-A55C-FE1154DC4CC4}.Release|x64.ActiveCfg = Release|Any CPU
		{B27759CD-5A7D-43A4-A55C-FE1154DC4CC4}.Release|x64.Build.0 = Release|Any CPU
		{B27759CD-5A7D-43A4-A55C-FE1154DC4CC4}.Release|x86.ActiveCfg = Release|Any CPU
		{B27759CD-5A7D-43A4-A55C-FE1154DC4CC4}.Release|x86.Build.0 = Release|Any CPU
		{BD23EEF8-9196-4E0F-BF33-E14E99D34C1B}.Debug|Any CPU.ActiveCfg = Debug|Any CPU
		{BD23EEF8-9196-4E0F-BF33-E14E99D34C1B}.Debug|Any CPU.Build.0 = Debug|Any CPU
		{BD23EEF8-9196-4E0F-BF33-E14E99D34C1B}.Debug|x64.ActiveCfg = Debug|Any CPU
		{BD23EEF8-9196-4E0F-BF33-E14E99D34C1B}.Debug|x64.Build.0 = Debug|Any CPU
		{BD23EEF8-9196-4E0F-BF33-E14E99D34C1B}.Debug|x86.ActiveCfg = Debug|Any CPU
		{BD23EEF8-9196-4E0F-BF33-E14E99D34C1B}.Debug|x86.Build.0 = Debug|Any CPU
		{BD23EEF8-9196-4E0F-BF33-E14E99D34C1B}.Release|Any CPU.ActiveCfg = Release|Any CPU
		{BD23EEF8-9196-4E0F-BF33-E14E99D34C1B}.Release|Any CPU.Build.0 = Release|Any CPU
		{BD23EEF8-9196-4E0F-BF33-E14E99D34C1B}.Release|x64.ActiveCfg = Release|Any CPU
		{BD23EEF8-9196-4E0F-BF33-E14E99D34C1B}.Release|x64.Build.0 = Release|Any CPU
		{BD23EEF8-9196-4E0F-BF33-E14E99D34C1B}.Release|x86.ActiveCfg = Release|Any CPU
		{BD23EEF8-9196-4E0F-BF33-E14E99D34C1B}.Release|x86.Build.0 = Release|Any CPU
		{B52D6341-AAD9-43CB-82AF-2DBE39CBF1DB}.Debug|Any CPU.ActiveCfg = Debug|Any CPU
		{B52D6341-AAD9-43CB-82AF-2DBE39CBF1DB}.Debug|Any CPU.Build.0 = Debug|Any CPU
		{B52D6341-AAD9-43CB-82AF-2DBE39CBF1DB}.Debug|x64.ActiveCfg = Debug|Any CPU
		{B52D6341-AAD9-43CB-82AF-2DBE39CBF1DB}.Debug|x64.Build.0 = Debug|Any CPU
		{B52D6341-AAD9-43CB-82AF-2DBE39CBF1DB}.Debug|x86.ActiveCfg = Debug|Any CPU
		{B52D6341-AAD9-43CB-82AF-2DBE39CBF1DB}.Debug|x86.Build.0 = Debug|Any CPU
		{B52D6341-AAD9-43CB-82AF-2DBE39CBF1DB}.Release|Any CPU.ActiveCfg = Release|Any CPU
		{B52D6341-AAD9-43CB-82AF-2DBE39CBF1DB}.Release|Any CPU.Build.0 = Release|Any CPU
		{B52D6341-AAD9-43CB-82AF-2DBE39CBF1DB}.Release|x64.ActiveCfg = Release|Any CPU
		{B52D6341-AAD9-43CB-82AF-2DBE39CBF1DB}.Release|x64.Build.0 = Release|Any CPU
		{B52D6341-AAD9-43CB-82AF-2DBE39CBF1DB}.Release|x86.ActiveCfg = Release|Any CPU
		{B52D6341-AAD9-43CB-82AF-2DBE39CBF1DB}.Release|x86.Build.0 = Release|Any CPU
		{0DAACE48-4EA6-4DB7-8A5C-99B86BCB1E01}.Debug|Any CPU.ActiveCfg = Debug|Any CPU
		{0DAACE48-4EA6-4DB7-8A5C-99B86BCB1E01}.Debug|Any CPU.Build.0 = Debug|Any CPU
		{0DAACE48-4EA6-4DB7-8A5C-99B86BCB1E01}.Debug|x64.ActiveCfg = Debug|Any CPU
		{0DAACE48-4EA6-4DB7-8A5C-99B86BCB1E01}.Debug|x64.Build.0 = Debug|Any CPU
		{0DAACE48-4EA6-4DB7-8A5C-99B86BCB1E01}.Debug|x86.ActiveCfg = Debug|Any CPU
		{0DAACE48-4EA6-4DB7-8A5C-99B86BCB1E01}.Debug|x86.Build.0 = Debug|Any CPU
		{0DAACE48-4EA6-4DB7-8A5C-99B86BCB1E01}.Release|Any CPU.ActiveCfg = Release|Any CPU
		{0DAACE48-4EA6-4DB7-8A5C-99B86BCB1E01}.Release|Any CPU.Build.0 = Release|Any CPU
		{0DAACE48-4EA6-4DB7-8A5C-99B86BCB1E01}.Release|x64.ActiveCfg = Release|Any CPU
		{0DAACE48-4EA6-4DB7-8A5C-99B86BCB1E01}.Release|x64.Build.0 = Release|Any CPU
		{0DAACE48-4EA6-4DB7-8A5C-99B86BCB1E01}.Release|x86.ActiveCfg = Release|Any CPU
		{0DAACE48-4EA6-4DB7-8A5C-99B86BCB1E01}.Release|x86.Build.0 = Release|Any CPU
		{A85AE27D-81ED-485A-BA4B-161B25BEB8A5}.Debug|Any CPU.ActiveCfg = Debug|Any CPU
		{A85AE27D-81ED-485A-BA4B-161B25BEB8A5}.Debug|Any CPU.Build.0 = Debug|Any CPU
		{A85AE27D-81ED-485A-BA4B-161B25BEB8A5}.Debug|x64.ActiveCfg = Debug|Any CPU
		{A85AE27D-81ED-485A-BA4B-161B25BEB8A5}.Debug|x64.Build.0 = Debug|Any CPU
		{A85AE27D-81ED-485A-BA4B-161B25BEB8A5}.Debug|x86.ActiveCfg = Debug|Any CPU
		{A85AE27D-81ED-485A-BA4B-161B25BEB8A5}.Debug|x86.Build.0 = Debug|Any CPU
		{A85AE27D-81ED-485A-BA4B-161B25BEB8A5}.Release|Any CPU.ActiveCfg = Release|Any CPU
		{A85AE27D-81ED-485A-BA4B-161B25BEB8A5}.Release|Any CPU.Build.0 = Release|Any CPU
		{A85AE27D-81ED-485A-BA4B-161B25BEB8A5}.Release|x64.ActiveCfg = Release|Any CPU
		{A85AE27D-81ED-485A-BA4B-161B25BEB8A5}.Release|x64.Build.0 = Release|Any CPU
		{A85AE27D-81ED-485A-BA4B-161B25BEB8A5}.Release|x86.ActiveCfg = Release|Any CPU
		{A85AE27D-81ED-485A-BA4B-161B25BEB8A5}.Release|x86.Build.0 = Release|Any CPU
		{490BCB11-314C-473C-9B85-A32164783507}.Debug|Any CPU.ActiveCfg = Debug|Any CPU
		{490BCB11-314C-473C-9B85-A32164783507}.Debug|Any CPU.Build.0 = Debug|Any CPU
		{490BCB11-314C-473C-9B85-A32164783507}.Debug|x64.ActiveCfg = Debug|Any CPU
		{490BCB11-314C-473C-9B85-A32164783507}.Debug|x64.Build.0 = Debug|Any CPU
		{490BCB11-314C-473C-9B85-A32164783507}.Debug|x86.ActiveCfg = Debug|Any CPU
		{490BCB11-314C-473C-9B85-A32164783507}.Debug|x86.Build.0 = Debug|Any CPU
		{490BCB11-314C-473C-9B85-A32164783507}.Release|Any CPU.ActiveCfg = Release|Any CPU
		{490BCB11-314C-473C-9B85-A32164783507}.Release|Any CPU.Build.0 = Release|Any CPU
		{490BCB11-314C-473C-9B85-A32164783507}.Release|x64.ActiveCfg = Release|Any CPU
		{490BCB11-314C-473C-9B85-A32164783507}.Release|x64.Build.0 = Release|Any CPU
		{490BCB11-314C-473C-9B85-A32164783507}.Release|x86.ActiveCfg = Release|Any CPU
		{490BCB11-314C-473C-9B85-A32164783507}.Release|x86.Build.0 = Release|Any CPU
	EndGlobalSection
	GlobalSection(SolutionProperties) = preSolution
		HideSolutionNode = FALSE
	EndGlobalSection
	GlobalSection(NestedProjects) = preSolution
		{CDFA86FA-BBBA-4A5B-A833-3BE219E373E5} = {CD4A4407-C3B0-422D-BB8C-2A810CED9938}
		{B19FD14B-4DFE-26B6-646B-3D5D94CC4D36} = {CD4A4407-C3B0-422D-BB8C-2A810CED9938}
		{C734CEF7-A2AC-3076-84D8-694B7490AA9D} = {CD4A4407-C3B0-422D-BB8C-2A810CED9938}
		{A3579DE0-F7C5-67E8-3CF8-3AC89B64E059} = {B19FD14B-4DFE-26B6-646B-3D5D94CC4D36}
		{C6034A5C-F49A-5FA4-86A6-65B2CB19613F} = {B19FD14B-4DFE-26B6-646B-3D5D94CC4D36}
		{9D4F3958-FE6E-C048-E6F9-6F53D8AF03CA} = {B19FD14B-4DFE-26B6-646B-3D5D94CC4D36}
		{B465D535-05D9-3A0A-08BF-35A1C18CEC46} = {B19FD14B-4DFE-26B6-646B-3D5D94CC4D36}
		{A2834164-BF04-BF13-ADC5-A97145852861} = {C6034A5C-F49A-5FA4-86A6-65B2CB19613F}
		{1B4FBE3A-43F5-1B1E-2877-3036AC5431EF} = {C6034A5C-F49A-5FA4-86A6-65B2CB19613F}
		{DDEDC5E0-5D13-A45C-2393-A774DD4A1A07} = {A3579DE0-F7C5-67E8-3CF8-3AC89B64E059}
		{51D8F471-B8EB-AD1C-0E89-AA84C5D0C759} = {A3579DE0-F7C5-67E8-3CF8-3AC89B64E059}
		{773BFBD8-04CD-79F8-8301-C81308C3ED45} = {B465D535-05D9-3A0A-08BF-35A1C18CEC46}
		{4B043475-1AFA-C467-FE09-A46D09CD6936} = {B465D535-05D9-3A0A-08BF-35A1C18CEC46}
		{5CED3889-AECF-A6CD-55DC-F680D3C18861} = {9D4F3958-FE6E-C048-E6F9-6F53D8AF03CA}
		{54BCCDE8-25E6-6FCB-4A9E-D5D2AF76D352} = {9D4F3958-FE6E-C048-E6F9-6F53D8AF03CA}
		{D3BF565A-C413-4185-9528-BE1B4F46993C} = {A2834164-BF04-BF13-ADC5-A97145852861}
		{3EA375C7-2900-4927-B1E5-C9D31E67F4A8} = {A2834164-BF04-BF13-ADC5-A97145852861}
		{BCC8A8A6-C2ED-42D2-86BB-A05C790D7279} = {DDEDC5E0-5D13-A45C-2393-A774DD4A1A07}
		{836D1466-3C20-4D74-B54A-FA09C0EE0FA2} = {DDEDC5E0-5D13-A45C-2393-A774DD4A1A07}
		{BCDEAB10-6373-46E7-B408-846A3B0B508B} = {773BFBD8-04CD-79F8-8301-C81308C3ED45}
		{B0EC74C5-9B2D-492C-ABAE-3E868397B122} = {773BFBD8-04CD-79F8-8301-C81308C3ED45}
		{9B4BDD42-56F3-4DB9-B3E5-74ABB7C19538} = {5CED3889-AECF-A6CD-55DC-F680D3C18861}
		{101FFD12-17A4-4615-9438-F347BBF4CC85} = {5CED3889-AECF-A6CD-55DC-F680D3C18861}
		{AEDB3219-5E1D-4716-8DE2-F5F9391913A2} = {C734CEF7-A2AC-3076-84D8-694B7490AA9D}
		{427BE8BE-DA7B-FC74-412B-547671E05463} = {CDFA86FA-BBBA-4A5B-A833-3BE219E373E5}
		{C015BF35-6977-407B-8948-636A9C81C5BE} = {427BE8BE-DA7B-FC74-412B-547671E05463}
		{19A89F36-FD3A-448D-90D1-04A1B67BB255} = {1B4FBE3A-43F5-1B1E-2877-3036AC5431EF}
		{B27759CD-5A7D-43A4-A55C-FE1154DC4CC4} = {51D8F471-B8EB-AD1C-0E89-AA84C5D0C759}
		{BD23EEF8-9196-4E0F-BF33-E14E99D34C1B} = {51D8F471-B8EB-AD1C-0E89-AA84C5D0C759}
		{B52D6341-AAD9-43CB-82AF-2DBE39CBF1DB} = {51D8F471-B8EB-AD1C-0E89-AA84C5D0C759}
		{0DAACE48-4EA6-4DB7-8A5C-99B86BCB1E01} = {4B043475-1AFA-C467-FE09-A46D09CD6936}
		{A85AE27D-81ED-485A-BA4B-161B25BEB8A5} = {54BCCDE8-25E6-6FCB-4A9E-D5D2AF76D352}
		{D1B6353A-63F5-4DD9-90E6-42B2CFDF1DEA} = {CD4A4407-C3B0-422D-BB8C-2A810CED9938}
		{C4287034-6833-4505-A6EB-704A86392ECB} = {D1B6353A-63F5-4DD9-90E6-42B2CFDF1DEA}
		{490BCB11-314C-473C-9B85-A32164783507} = {C4287034-6833-4505-A6EB-704A86392ECB}
	EndGlobalSection
EndGlobal
