
Microsoft Visual Studio Solution File, Format Version 12.00
# Visual Studio Version 17
VisualStudioVersion = 17.0.31903.59
MinimumVisualStudioVersion = 10.0.40219.1
Project("{2150E333-8FDC-42A3-9474-1A3956D46DE8}") = "building-blocks", "building-blocks", "{B85B39B5-B341-4117-8626-C5DD4F375569}"
EndProject
Project("{2150E333-8FDC-42A3-9474-1A3956D46DE8}") = "monolith", "monolith", "{96913068-5EFE-4D13-8B00-924AFED16439}"
EndProject
Project("{2150E333-8FDC-42A3-9474-1A3956D46DE8}") = "modular-monolith", "modular-monolith", "{F1BEC66C-B321-45D8-95C1-8DCD4743275D}"
EndProject
Project("{2150E333-8FDC-42A3-9474-1A3956D46DE8}") = "microservices", "microservices", "{33F5E6F6-FACB-4D34-8E48-B80E0497D239}"
EndProject
Project("{2150E333-8FDC-42A3-9474-1A3956D46DE8}") = "src", "src", "{57366225-A26A-4715-A690-DA641B0C0450}"
EndProject
Project("{2150E333-8FDC-42A3-9474-1A3956D46DE8}") = "tests", "tests", "{39BAB0A0-3C16-49B1-B817-9EC5C600BF5E}"
EndProject
Project("{2150E333-8FDC-42A3-9474-1A3956D46DE8}") = "src", "src", "{570274DD-E84A-4F22-9079-D60B59EC9ED2}"
EndProject
Project("{2150E333-8FDC-42A3-9474-1A3956D46DE8}") = "tests", "tests", "{AD2FB7C1-8641-47E9-B62D-B3A2D74147D8}"
EndProject
Project("{2150E333-8FDC-42A3-9474-1A3956D46DE8}") = "src", "src", "{DBAE70CC-011A-4997-9612-58AFAFF73291}"
EndProject
Project("{2150E333-8FDC-42A3-9474-1A3956D46DE8}") = "tests", "tests", "{FB529C7A-F884-42D1-BE41-2A6B7CC4101B}"
EndProject
Project("{2150E333-8FDC-42A3-9474-1A3956D46DE8}") = "Flight", "Flight", "{5A2A9F1C-245A-4978-93A0-E00120FEE765}"
EndProject
Project("{2150E333-8FDC-42A3-9474-1A3956D46DE8}") = "Booking", "Booking", "{D0A6E1E7-DFB6-4940-A254-F2E24897C4AC}"
EndProject
Project("{2150E333-8FDC-42A3-9474-1A3956D46DE8}") = "Passenger", "Passenger", "{F77CA77C-49CE-49B5-BE5A-FCCF6C63D65A}"
EndProject
Project("{2150E333-8FDC-42A3-9474-1A3956D46DE8}") = "Identity", "Identity", "{A1786514-35EB-4AFA-87E1-2FB89D748C02}"
EndProject
Project("{2150E333-8FDC-42A3-9474-1A3956D46DE8}") = "ApiGateway", "ApiGateway", "{A5E49049-0DFF-4D87-9188-2B0ACBC0D59B}"
EndProject
Project("{FAE04EC0-301F-11D3-BF4B-00C04F79EFBC}") = "ApiGateway", "3-microservices-architecture-style\src\ApiGateway\src\ApiGateway.csproj", "{6538BDF3-A741-46E9-8988-C859ABB2FBB2}"
EndProject
Project("{FAE04EC0-301F-11D3-BF4B-00C04F79EFBC}") = "Booking.Api", "3-microservices-architecture-style\src\Services\Booking\src\Booking.Api\Booking.Api.csproj", "{B851799B-A328-4E40-9095-C56C11A6235E}"
EndProject
Project("{FAE04EC0-301F-11D3-BF4B-00C04F79EFBC}") = "Booking", "3-microservices-architecture-style\src\Services\Booking\src\Booking\Booking.csproj", "{674C0974-11C4-4BF7-B2DF-8ED753919224}"
EndProject
Project("{FAE04EC0-301F-11D3-BF4B-00C04F79EFBC}") = "Flight.Api", "3-microservices-architecture-style\src\Services\Flight\src\Flight.Api\Flight.Api.csproj", "{FB8AA20B-0D31-4241-A126-07992BCF7E2A}"
EndProject
Project("{FAE04EC0-301F-11D3-BF4B-00C04F79EFBC}") = "Flight", "3-microservices-architecture-style\src\Services\Flight\src\Flight\Flight.csproj", "{0EB6B262-197D-450C-A56E-634D2D428FCB}"
EndProject
Project("{FAE04EC0-301F-11D3-BF4B-00C04F79EFBC}") = "Identity.Api", "3-microservices-architecture-style\src\Services\Identity\src\Identity.Api\Identity.Api.csproj", "{694E763C-E076-4F36-A3CE-3A55D794C871}"
EndProject
Project("{FAE04EC0-301F-11D3-BF4B-00C04F79EFBC}") = "Identity", "3-microservices-architecture-style\src\Services\Identity\src\Identity\Identity.csproj", "{E18BC5D2-5A32-469A-9E0B-5ACFE3B6639B}"
EndProject
Project("{FAE04EC0-301F-11D3-BF4B-00C04F79EFBC}") = "Passenger.Api", "3-microservices-architecture-style\src\Services\Passenger\src\Passenger.Api\Passenger.Api.csproj", "{1F2CE508-42D0-437B-83AB-0D5FEBE324F8}"
EndProject
Project("{FAE04EC0-301F-11D3-BF4B-00C04F79EFBC}") = "Passenger", "3-microservices-architecture-style\src\Services\Passenger\src\Passenger\Passenger.csproj", "{77410EA7-739C-475B-B460-CCEF5CEE1AD1}"
EndProject
Project("{2150E333-8FDC-42A3-9474-1A3956D46DE8}") = "Flight", "Flight", "{7D81CAA6-6DEF-43C1-AE1B-D0F0B7B09CE7}"
EndProject
Project("{2150E333-8FDC-42A3-9474-1A3956D46DE8}") = "Passenger", "Passenger", "{D2F19D7F-A9DA-47D2-A445-F9ED8D4479C1}"
EndProject
Project("{2150E333-8FDC-42A3-9474-1A3956D46DE8}") = "Booking", "Booking", "{51EE0C7A-6D1A-4538-957A-34B6906FC932}"
EndProject
Project("{2150E333-8FDC-42A3-9474-1A3956D46DE8}") = "Identity", "Identity", "{3FD37B50-3C7D-49E9-9456-A3E82675227D}"
EndProject
Project("{FAE04EC0-301F-11D3-BF4B-00C04F79EFBC}") = "Integration.Test", "3-microservices-architecture-style\src\Services\Booking\tests\IntegrationTest\Integration.Test.csproj", "{5D3D2499-0732-4545-87F5-C26AF1FE827B}"
EndProject
Project("{FAE04EC0-301F-11D3-BF4B-00C04F79EFBC}") = "EndToEnd.Test", "3-microservices-architecture-style\src\Services\Flight\tests\EndToEndTest\EndToEnd.Test.csproj", "{EE5ECF6A-0D4F-4737-BAD3-AE66D1B53D83}"
EndProject
Project("{FAE04EC0-301F-11D3-BF4B-00C04F79EFBC}") = "Integration.Test", "3-microservices-architecture-style\src\Services\Flight\tests\IntegrationTest\Integration.Test.csproj", "{0A74D3F2-7814-4FB4-890D-4899749B67A2}"
EndProject
Project("{FAE04EC0-301F-11D3-BF4B-00C04F79EFBC}") = "Unit.Test", "3-microservices-architecture-style\src\Services\Flight\tests\UnitTest\Unit.Test.csproj", "{FDA41108-8194-49B2-8F78-9F8AECABB7BC}"
EndProject
Project("{FAE04EC0-301F-11D3-BF4B-00C04F79EFBC}") = "Integration.Test", "3-microservices-architecture-style\src\Services\Identity\tests\IntegrationTest\Integration.Test.csproj", "{B6D11E8B-CAAE-4452-B3AE-A49DA7E68FE0}"
EndProject
Project("{FAE04EC0-301F-11D3-BF4B-00C04F79EFBC}") = "Integration.Test", "3-microservices-architecture-style\src\Services\Passenger\tests\IntegrationTest\Integration.Test.csproj", "{6D17EFCC-63DB-4E51-8073-25D5E59B2170}"
EndProject
Project("{FAE04EC0-301F-11D3-BF4B-00C04F79EFBC}") = "BuildingBlocks", "building-blocks\BuildingBlocks.csproj", "{5ED78466-4114-48ED-9A6E-02143984E7A1}"
EndProject
Project("{2150E333-8FDC-42A3-9474-1A3956D46DE8}") = "Api", "Api", "{D1907049-C23E-47CB-9DF1-0D9EDB7CE117}"
EndProject
Project("{2150E333-8FDC-42A3-9474-1A3956D46DE8}") = "Modules", "Modules", "{5F943131-E273-474E-891E-6386C4B10D00}"
EndProject
Project("{2150E333-8FDC-42A3-9474-1A3956D46DE8}") = "Flight", "Flight", "{183FF15D-1B24-4FA4-A5E4-505825919113}"
EndProject
Project("{2150E333-8FDC-42A3-9474-1A3956D46DE8}") = "Booking", "Booking", "{3CB44FE8-8DC1-49BD-864A-72FB6A8229C5}"
EndProject
Project("{2150E333-8FDC-42A3-9474-1A3956D46DE8}") = "Passenger", "Passenger", "{254C235E-7E2D-4FEE-9EB4-50E48BDB1295}"
EndProject
Project("{2150E333-8FDC-42A3-9474-1A3956D46DE8}") = "Identity", "Identity", "{6C250353-B112-42F5-BBE9-FA2A725870FD}"
EndProject
Project("{FAE04EC0-301F-11D3-BF4B-00C04F79EFBC}") = "Flight", "2-modular-monolith-architecture-style\src\Modules\Flight\src\Flight.csproj", "{99914C87-B2FC-4DB2-9BFC-AA2D63B3024F}"
EndProject
Project("{FAE04EC0-301F-11D3-BF4B-00C04F79EFBC}") = "Api", "2-modular-monolith-architecture-style\src\Api\src\Api.csproj", "{18FAA2C9-5B3B-41D4-83F4-F91B0F2355A0}"
EndProject
Project("{FAE04EC0-301F-11D3-BF4B-00C04F79EFBC}") = "Booking", "2-modular-monolith-architecture-style\src\Modules\Booking\src\Booking.csproj", "{301AB091-1BBB-4D95-9A54-AA7A8EE928EF}"
EndProject
Project("{FAE04EC0-301F-11D3-BF4B-00C04F79EFBC}") = "Identity", "2-modular-monolith-architecture-style\src\Modules\Identity\src\Identity.csproj", "{3020E2CD-C6E5-4489-914E-96083705AF0E}"
EndProject
Project("{FAE04EC0-301F-11D3-BF4B-00C04F79EFBC}") = "Passenger", "2-modular-monolith-architecture-style\src\Modules\Passenger\src\Passenger.csproj", "{1CD81080-9F44-49AA-94F9-EFEBFD8073E4}"
EndProject
Project("{2150E333-8FDC-42A3-9474-1A3956D46DE8}") = "BookingMonolith", "BookingMonolith", "{DB31E41A-D441-4BB8-B96C-F70395FBFB95}"
EndProject
Project("{FAE04EC0-301F-11D3-BF4B-00C04F79EFBC}") = "BookingMonolith", "1-monolith-architecture-style\src\BookingMonolith\src\BookingMonolith.csproj", "{ECBE72AF-7F47-4086-A3F8-AF011085E253}"
EndProject
Project("{2150E333-8FDC-42A3-9474-1A3956D46DE8}") = "Api", "Api", "{EAAC4A89-D71D-426F-ABB0-127C3E777E54}"
EndProject
Project("{FAE04EC0-301F-11D3-BF4B-00C04F79EFBC}") = "Api", "1-monolith-architecture-style\src\Api\src\Api.csproj", "{E7BA185C-B26D-4ACB-A24A-70AB730DD2A0}"
EndProject
Project("{2150E333-8FDC-42A3-9474-1A3956D46DE8}") = "Flight", "Flight", "{02EA681E-C7D8-13C7-8484-4AC65E1B71E8}"
EndProject
Project("{FAE04EC0-301F-11D3-BF4B-00C04F79EFBC}") = "Unit.Test", "2-modular-monolith-architecture-style\src\Modules\Flight\tests\Unit.Test\Unit.Test.csproj", "{E7B7E65D-DB14-494C-A748-EF90666FB0B1}"
EndProject
Project("{FAE04EC0-301F-11D3-BF4B-00C04F79EFBC}") = "Integration.Test", "2-modular-monolith-architecture-style\src\Modules\Flight\tests\Integration.Test\Integration.Test.csproj", "{AE7E4AE8-4A5C-44AE-B1FC-2A04824EE29B}"
EndProject
Project("{FAE04EC0-301F-11D3-BF4B-00C04F79EFBC}") = "EndToEnd.Test", "2-modular-monolith-architecture-style\src\Modules\Flight\tests\EndToEnd.Test\EndToEnd.Test.csproj", "{7CBA4E35-64EA-BFB3-0507-B7DE1E60CD54}"
EndProject
Global
	GlobalSection(SolutionConfigurationPlatforms) = preSolution
		Debug|Any CPU = Debug|Any CPU
		Release|Any CPU = Release|Any CPU
	EndGlobalSection
	GlobalSection(ProjectConfigurationPlatforms) = postSolution
		{6538BDF3-A741-46E9-8988-C859ABB2FBB2}.Debug|Any CPU.ActiveCfg = Debug|Any CPU
		{6538BDF3-A741-46E9-8988-C859ABB2FBB2}.Debug|Any CPU.Build.0 = Debug|Any CPU
		{6538BDF3-A741-46E9-8988-C859ABB2FBB2}.Release|Any CPU.ActiveCfg = Release|Any CPU
		{6538BDF3-A741-46E9-8988-C859ABB2FBB2}.Release|Any CPU.Build.0 = Release|Any CPU
		{B851799B-A328-4E40-9095-C56C11A6235E}.Debug|Any CPU.ActiveCfg = Debug|Any CPU
		{B851799B-A328-4E40-9095-C56C11A6235E}.Debug|Any CPU.Build.0 = Debug|Any CPU
		{B851799B-A328-4E40-9095-C56C11A6235E}.Release|Any CPU.ActiveCfg = Release|Any CPU
		{B851799B-A328-4E40-9095-C56C11A6235E}.Release|Any CPU.Build.0 = Release|Any CPU
		{674C0974-11C4-4BF7-B2DF-8ED753919224}.Debug|Any CPU.ActiveCfg = Debug|Any CPU
		{674C0974-11C4-4BF7-B2DF-8ED753919224}.Debug|Any CPU.Build.0 = Debug|Any CPU
		{674C0974-11C4-4BF7-B2DF-8ED753919224}.Release|Any CPU.ActiveCfg = Release|Any CPU
		{674C0974-11C4-4BF7-B2DF-8ED753919224}.Release|Any CPU.Build.0 = Release|Any CPU
		{FB8AA20B-0D31-4241-A126-07992BCF7E2A}.Debug|Any CPU.ActiveCfg = Debug|Any CPU
		{FB8AA20B-0D31-4241-A126-07992BCF7E2A}.Debug|Any CPU.Build.0 = Debug|Any CPU
		{FB8AA20B-0D31-4241-A126-07992BCF7E2A}.Release|Any CPU.ActiveCfg = Release|Any CPU
		{FB8AA20B-0D31-4241-A126-07992BCF7E2A}.Release|Any CPU.Build.0 = Release|Any CPU
		{0EB6B262-197D-450C-A56E-634D2D428FCB}.Debug|Any CPU.ActiveCfg = Debug|Any CPU
		{0EB6B262-197D-450C-A56E-634D2D428FCB}.Debug|Any CPU.Build.0 = Debug|Any CPU
		{0EB6B262-197D-450C-A56E-634D2D428FCB}.Release|Any CPU.ActiveCfg = Release|Any CPU
		{0EB6B262-197D-450C-A56E-634D2D428FCB}.Release|Any CPU.Build.0 = Release|Any CPU
		{694E763C-E076-4F36-A3CE-3A55D794C871}.Debug|Any CPU.ActiveCfg = Debug|Any CPU
		{694E763C-E076-4F36-A3CE-3A55D794C871}.Debug|Any CPU.Build.0 = Debug|Any CPU
		{694E763C-E076-4F36-A3CE-3A55D794C871}.Release|Any CPU.ActiveCfg = Release|Any CPU
		{694E763C-E076-4F36-A3CE-3A55D794C871}.Release|Any CPU.Build.0 = Release|Any CPU
		{E18BC5D2-5A32-469A-9E0B-5ACFE3B6639B}.Debug|Any CPU.ActiveCfg = Debug|Any CPU
		{E18BC5D2-5A32-469A-9E0B-5ACFE3B6639B}.Debug|Any CPU.Build.0 = Debug|Any CPU
		{E18BC5D2-5A32-469A-9E0B-5ACFE3B6639B}.Release|Any CPU.ActiveCfg = Release|Any CPU
		{E18BC5D2-5A32-469A-9E0B-5ACFE3B6639B}.Release|Any CPU.Build.0 = Release|Any CPU
		{1F2CE508-42D0-437B-83AB-0D5FEBE324F8}.Debug|Any CPU.ActiveCfg = Debug|Any CPU
		{1F2CE508-42D0-437B-83AB-0D5FEBE324F8}.Debug|Any CPU.Build.0 = Debug|Any CPU
		{1F2CE508-42D0-437B-83AB-0D5FEBE324F8}.Release|Any CPU.ActiveCfg = Release|Any CPU
		{1F2CE508-42D0-437B-83AB-0D5FEBE324F8}.Release|Any CPU.Build.0 = Release|Any CPU
		{77410EA7-739C-475B-B460-CCEF5CEE1AD1}.Debug|Any CPU.ActiveCfg = Debug|Any CPU
		{77410EA7-739C-475B-B460-CCEF5CEE1AD1}.Debug|Any CPU.Build.0 = Debug|Any CPU
		{77410EA7-739C-475B-B460-CCEF5CEE1AD1}.Release|Any CPU.ActiveCfg = Release|Any CPU
		{77410EA7-739C-475B-B460-CCEF5CEE1AD1}.Release|Any CPU.Build.0 = Release|Any CPU
		{5D3D2499-0732-4545-87F5-C26AF1FE827B}.Debug|Any CPU.ActiveCfg = Debug|Any CPU
		{5D3D2499-0732-4545-87F5-C26AF1FE827B}.Debug|Any CPU.Build.0 = Debug|Any CPU
		{5D3D2499-0732-4545-87F5-C26AF1FE827B}.Release|Any CPU.ActiveCfg = Release|Any CPU
		{5D3D2499-0732-4545-87F5-C26AF1FE827B}.Release|Any CPU.Build.0 = Release|Any CPU
		{EE5ECF6A-0D4F-4737-BAD3-AE66D1B53D83}.Debug|Any CPU.ActiveCfg = Debug|Any CPU
		{EE5ECF6A-0D4F-4737-BAD3-AE66D1B53D83}.Debug|Any CPU.Build.0 = Debug|Any CPU
		{EE5ECF6A-0D4F-4737-BAD3-AE66D1B53D83}.Release|Any CPU.ActiveCfg = Release|Any CPU
		{EE5ECF6A-0D4F-4737-BAD3-AE66D1B53D83}.Release|Any CPU.Build.0 = Release|Any CPU
		{0A74D3F2-7814-4FB4-890D-4899749B67A2}.Debug|Any CPU.ActiveCfg = Debug|Any CPU
		{0A74D3F2-7814-4FB4-890D-4899749B67A2}.Debug|Any CPU.Build.0 = Debug|Any CPU
		{0A74D3F2-7814-4FB4-890D-4899749B67A2}.Release|Any CPU.ActiveCfg = Release|Any CPU
		{0A74D3F2-7814-4FB4-890D-4899749B67A2}.Release|Any CPU.Build.0 = Release|Any CPU
		{FDA41108-8194-49B2-8F78-9F8AECABB7BC}.Debug|Any CPU.ActiveCfg = Debug|Any CPU
		{FDA41108-8194-49B2-8F78-9F8AECABB7BC}.Debug|Any CPU.Build.0 = Debug|Any CPU
		{FDA41108-8194-49B2-8F78-9F8AECABB7BC}.Release|Any CPU.ActiveCfg = Release|Any CPU
		{FDA41108-8194-49B2-8F78-9F8AECABB7BC}.Release|Any CPU.Build.0 = Release|Any CPU
		{B6D11E8B-CAAE-4452-B3AE-A49DA7E68FE0}.Debug|Any CPU.ActiveCfg = Debug|Any CPU
		{B6D11E8B-CAAE-4452-B3AE-A49DA7E68FE0}.Debug|Any CPU.Build.0 = Debug|Any CPU
		{B6D11E8B-CAAE-4452-B3AE-A49DA7E68FE0}.Release|Any CPU.ActiveCfg = Release|Any CPU
		{B6D11E8B-CAAE-4452-B3AE-A49DA7E68FE0}.Release|Any CPU.Build.0 = Release|Any CPU
		{6D17EFCC-63DB-4E51-8073-25D5E59B2170}.Debug|Any CPU.ActiveCfg = Debug|Any CPU
		{6D17EFCC-63DB-4E51-8073-25D5E59B2170}.Debug|Any CPU.Build.0 = Debug|Any CPU
		{6D17EFCC-63DB-4E51-8073-25D5E59B2170}.Release|Any CPU.ActiveCfg = Release|Any CPU
		{6D17EFCC-63DB-4E51-8073-25D5E59B2170}.Release|Any CPU.Build.0 = Release|Any CPU
		{5ED78466-4114-48ED-9A6E-02143984E7A1}.Debug|Any CPU.ActiveCfg = Debug|Any CPU
		{5ED78466-4114-48ED-9A6E-02143984E7A1}.Debug|Any CPU.Build.0 = Debug|Any CPU
		{5ED78466-4114-48ED-9A6E-02143984E7A1}.Release|Any CPU.ActiveCfg = Release|Any CPU
		{5ED78466-4114-48ED-9A6E-02143984E7A1}.Release|Any CPU.Build.0 = Release|Any CPU
		{99914C87-B2FC-4DB2-9BFC-AA2D63B3024F}.Debug|Any CPU.ActiveCfg = Debug|Any CPU
		{99914C87-B2FC-4DB2-9BFC-AA2D63B3024F}.Debug|Any CPU.Build.0 = Debug|Any CPU
		{99914C87-B2FC-4DB2-9BFC-AA2D63B3024F}.Release|Any CPU.ActiveCfg = Release|Any CPU
		{99914C87-B2FC-4DB2-9BFC-AA2D63B3024F}.Release|Any CPU.Build.0 = Release|Any CPU
		{18FAA2C9-5B3B-41D4-83F4-F91B0F2355A0}.Debug|Any CPU.ActiveCfg = Debug|Any CPU
		{18FAA2C9-5B3B-41D4-83F4-F91B0F2355A0}.Debug|Any CPU.Build.0 = Debug|Any CPU
		{18FAA2C9-5B3B-41D4-83F4-F91B0F2355A0}.Release|Any CPU.ActiveCfg = Release|Any CPU
		{18FAA2C9-5B3B-41D4-83F4-F91B0F2355A0}.Release|Any CPU.Build.0 = Release|Any CPU
		{301AB091-1BBB-4D95-9A54-AA7A8EE928EF}.Debug|Any CPU.ActiveCfg = Debug|Any CPU
		{301AB091-1BBB-4D95-9A54-AA7A8EE928EF}.Debug|Any CPU.Build.0 = Debug|Any CPU
		{301AB091-1BBB-4D95-9A54-AA7A8EE928EF}.Release|Any CPU.ActiveCfg = Release|Any CPU
		{301AB091-1BBB-4D95-9A54-AA7A8EE928EF}.Release|Any CPU.Build.0 = Release|Any CPU
		{3020E2CD-C6E5-4489-914E-96083705AF0E}.Debug|Any CPU.ActiveCfg = Debug|Any CPU
		{3020E2CD-C6E5-4489-914E-96083705AF0E}.Debug|Any CPU.Build.0 = Debug|Any CPU
		{3020E2CD-C6E5-4489-914E-96083705AF0E}.Release|Any CPU.ActiveCfg = Release|Any CPU
		{3020E2CD-C6E5-4489-914E-96083705AF0E}.Release|Any CPU.Build.0 = Release|Any CPU
		{1CD81080-9F44-49AA-94F9-EFEBFD8073E4}.Debug|Any CPU.ActiveCfg = Debug|Any CPU
		{1CD81080-9F44-49AA-94F9-EFEBFD8073E4}.Debug|Any CPU.Build.0 = Debug|Any CPU
		{1CD81080-9F44-49AA-94F9-EFEBFD8073E4}.Release|Any CPU.ActiveCfg = Release|Any CPU
		{1CD81080-9F44-49AA-94F9-EFEBFD8073E4}.Release|Any CPU.Build.0 = Release|Any CPU
		{ECBE72AF-7F47-4086-A3F8-AF011085E253}.Debug|Any CPU.ActiveCfg = Debug|Any CPU
		{ECBE72AF-7F47-4086-A3F8-AF011085E253}.Debug|Any CPU.Build.0 = Debug|Any CPU
		{ECBE72AF-7F47-4086-A3F8-AF011085E253}.Release|Any CPU.ActiveCfg = Release|Any CPU
		{ECBE72AF-7F47-4086-A3F8-AF011085E253}.Release|Any CPU.Build.0 = Release|Any CPU
		{E7BA185C-B26D-4ACB-A24A-70AB730DD2A0}.Debug|Any CPU.ActiveCfg = Debug|Any CPU
		{E7BA185C-B26D-4ACB-A24A-70AB730DD2A0}.Debug|Any CPU.Build.0 = Debug|Any CPU
		{E7BA185C-B26D-4ACB-A24A-70AB730DD2A0}.Release|Any CPU.ActiveCfg = Release|Any CPU
		{E7BA185C-B26D-4ACB-A24A-70AB730DD2A0}.Release|Any CPU.Build.0 = Release|Any CPU
		{E7B7E65D-DB14-494C-A748-EF90666FB0B1}.Debug|Any CPU.ActiveCfg = Debug|Any CPU
		{E7B7E65D-DB14-494C-A748-EF90666FB0B1}.Debug|Any CPU.Build.0 = Debug|Any CPU
		{E7B7E65D-DB14-494C-A748-EF90666FB0B1}.Release|Any CPU.ActiveCfg = Release|Any CPU
		{E7B7E65D-DB14-494C-A748-EF90666FB0B1}.Release|Any CPU.Build.0 = Release|Any CPU
		{AE7E4AE8-4A5C-44AE-B1FC-2A04824EE29B}.Debug|Any CPU.ActiveCfg = Debug|Any CPU
		{AE7E4AE8-4A5C-44AE-B1FC-2A04824EE29B}.Debug|Any CPU.Build.0 = Debug|Any CPU
		{AE7E4AE8-4A5C-44AE-B1FC-2A04824EE29B}.Release|Any CPU.ActiveCfg = Release|Any CPU
		{AE7E4AE8-4A5C-44AE-B1FC-2A04824EE29B}.Release|Any CPU.Build.0 = Release|Any CPU
		{7CBA4E35-64EA-BFB3-0507-B7DE1E60CD54}.Debug|Any CPU.ActiveCfg = Debug|Any CPU
		{7CBA4E35-64EA-BFB3-0507-B7DE1E60CD54}.Debug|Any CPU.Build.0 = Debug|Any CPU
		{7CBA4E35-64EA-BFB3-0507-B7DE1E60CD54}.Release|Any CPU.ActiveCfg = Release|Any CPU
		{7CBA4E35-64EA-BFB3-0507-B7DE1E60CD54}.Release|Any CPU.Build.0 = Release|Any CPU
	EndGlobalSection
	GlobalSection(SolutionProperties) = preSolution
		HideSolutionNode = FALSE
	EndGlobalSection
	GlobalSection(NestedProjects) = preSolution
		{57366225-A26A-4715-A690-DA641B0C0450} = {33F5E6F6-FACB-4D34-8E48-B80E0497D239}
		{39BAB0A0-3C16-49B1-B817-9EC5C600BF5E} = {33F5E6F6-FACB-4D34-8E48-B80E0497D239}
		{570274DD-E84A-4F22-9079-D60B59EC9ED2} = {F1BEC66C-B321-45D8-95C1-8DCD4743275D}
		{AD2FB7C1-8641-47E9-B62D-B3A2D74147D8} = {F1BEC66C-B321-45D8-95C1-8DCD4743275D}
		{DBAE70CC-011A-4997-9612-58AFAFF73291} = {96913068-5EFE-4D13-8B00-924AFED16439}
		{FB529C7A-F884-42D1-BE41-2A6B7CC4101B} = {96913068-5EFE-4D13-8B00-924AFED16439}
		{5A2A9F1C-245A-4978-93A0-E00120FEE765} = {57366225-A26A-4715-A690-DA641B0C0450}
		{D0A6E1E7-DFB6-4940-A254-F2E24897C4AC} = {57366225-A26A-4715-A690-DA641B0C0450}
		{F77CA77C-49CE-49B5-BE5A-FCCF6C63D65A} = {57366225-A26A-4715-A690-DA641B0C0450}
		{A1786514-35EB-4AFA-87E1-2FB89D748C02} = {57366225-A26A-4715-A690-DA641B0C0450}
		{A5E49049-0DFF-4D87-9188-2B0ACBC0D59B} = {57366225-A26A-4715-A690-DA641B0C0450}
		{6538BDF3-A741-46E9-8988-C859ABB2FBB2} = {A5E49049-0DFF-4D87-9188-2B0ACBC0D59B}
		{B851799B-A328-4E40-9095-C56C11A6235E} = {D0A6E1E7-DFB6-4940-A254-F2E24897C4AC}
		{674C0974-11C4-4BF7-B2DF-8ED753919224} = {D0A6E1E7-DFB6-4940-A254-F2E24897C4AC}
		{FB8AA20B-0D31-4241-A126-07992BCF7E2A} = {5A2A9F1C-245A-4978-93A0-E00120FEE765}
		{0EB6B262-197D-450C-A56E-634D2D428FCB} = {5A2A9F1C-245A-4978-93A0-E00120FEE765}
		{694E763C-E076-4F36-A3CE-3A55D794C871} = {A1786514-35EB-4AFA-87E1-2FB89D748C02}
		{E18BC5D2-5A32-469A-9E0B-5ACFE3B6639B} = {A1786514-35EB-4AFA-87E1-2FB89D748C02}
		{1F2CE508-42D0-437B-83AB-0D5FEBE324F8} = {F77CA77C-49CE-49B5-BE5A-FCCF6C63D65A}
		{77410EA7-739C-475B-B460-CCEF5CEE1AD1} = {F77CA77C-49CE-49B5-BE5A-FCCF6C63D65A}
		{7D81CAA6-6DEF-43C1-AE1B-D0F0B7B09CE7} = {39BAB0A0-3C16-49B1-B817-9EC5C600BF5E}
		{D2F19D7F-A9DA-47D2-A445-F9ED8D4479C1} = {39BAB0A0-3C16-49B1-B817-9EC5C600BF5E}
		{51EE0C7A-6D1A-4538-957A-34B6906FC932} = {39BAB0A0-3C16-49B1-B817-9EC5C600BF5E}
		{3FD37B50-3C7D-49E9-9456-A3E82675227D} = {39BAB0A0-3C16-49B1-B817-9EC5C600BF5E}
		{5D3D2499-0732-4545-87F5-C26AF1FE827B} = {51EE0C7A-6D1A-4538-957A-34B6906FC932}
		{EE5ECF6A-0D4F-4737-BAD3-AE66D1B53D83} = {7D81CAA6-6DEF-43C1-AE1B-D0F0B7B09CE7}
		{0A74D3F2-7814-4FB4-890D-4899749B67A2} = {7D81CAA6-6DEF-43C1-AE1B-D0F0B7B09CE7}
		{FDA41108-8194-49B2-8F78-9F8AECABB7BC} = {7D81CAA6-6DEF-43C1-AE1B-D0F0B7B09CE7}
		{B6D11E8B-CAAE-4452-B3AE-A49DA7E68FE0} = {3FD37B50-3C7D-49E9-9456-A3E82675227D}
		{6D17EFCC-63DB-4E51-8073-25D5E59B2170} = {D2F19D7F-A9DA-47D2-A445-F9ED8D4479C1}
		{5ED78466-4114-48ED-9A6E-02143984E7A1} = {B85B39B5-B341-4117-8626-C5DD4F375569}
		{D1907049-C23E-47CB-9DF1-0D9EDB7CE117} = {570274DD-E84A-4F22-9079-D60B59EC9ED2}
		{5F943131-E273-474E-891E-6386C4B10D00} = {570274DD-E84A-4F22-9079-D60B59EC9ED2}
		{183FF15D-1B24-4FA4-A5E4-505825919113} = {5F943131-E273-474E-891E-6386C4B10D00}
		{3CB44FE8-8DC1-49BD-864A-72FB6A8229C5} = {5F943131-E273-474E-891E-6386C4B10D00}
		{254C235E-7E2D-4FEE-9EB4-50E48BDB1295} = {5F943131-E273-474E-891E-6386C4B10D00}
		{6C250353-B112-42F5-BBE9-FA2A725870FD} = {5F943131-E273-474E-891E-6386C4B10D00}
		{99914C87-B2FC-4DB2-9BFC-AA2D63B3024F} = {183FF15D-1B24-4FA4-A5E4-505825919113}
		{18FAA2C9-5B3B-41D4-83F4-F91B0F2355A0} = {D1907049-C23E-47CB-9DF1-0D9EDB7CE117}
		{301AB091-1BBB-4D95-9A54-AA7A8EE928EF} = {3CB44FE8-8DC1-49BD-864A-72FB6A8229C5}
		{3020E2CD-C6E5-4489-914E-96083705AF0E} = {6C250353-B112-42F5-BBE9-FA2A725870FD}
		{1CD81080-9F44-49AA-94F9-EFEBFD8073E4} = {254C235E-7E2D-4FEE-9EB4-50E48BDB1295}
		{DB31E41A-D441-4BB8-B96C-F70395FBFB95} = {DBAE70CC-011A-4997-9612-58AFAFF73291}
		{ECBE72AF-7F47-4086-A3F8-AF011085E253} = {DB31E41A-D441-4BB8-B96C-F70395FBFB95}
		{EAAC4A89-D71D-426F-ABB0-127C3E777E54} = {DBAE70CC-011A-4997-9612-58AFAFF73291}
		{E7BA185C-B26D-4ACB-A24A-70AB730DD2A0} = {EAAC4A89-D71D-426F-ABB0-127C3E777E54}
		{02EA681E-C7D8-13C7-8484-4AC65E1B71E8} = {AD2FB7C1-8641-47E9-B62D-B3A2D74147D8}
		{E7B7E65D-DB14-494C-A748-EF90666FB0B1} = {02EA681E-C7D8-13C7-8484-4AC65E1B71E8}
		{AE7E4AE8-4A5C-44AE-B1FC-2A04824EE29B} = {02EA681E-C7D8-13C7-8484-4AC65E1B71E8}
		{7CBA4E35-64EA-BFB3-0507-B7DE1E60CD54} = {02EA681E-C7D8-13C7-8484-4AC65E1B71E8}
	EndGlobalSection
	GlobalSection(ExtensibilityGlobals) = postSolution
		SolutionGuid = {BF29DFD4-25EC-44C4-9DA6-E3AC4B292257}
	EndGlobalSection
EndGlobal
