
Microsoft Visual Studio Solution File, Format Version 12.00
# Visual Studio Version 17
VisualStudioVersion = 17.14.35906.104 d17.14
MinimumVisualStudioVersion = 10.0.40219.1
Project("{FAE04EC0-301F-11D3-BF4B-00C04F79EFBC}") = "Integration.Test", "Integration.Test\Integration.Test.csproj", "{A0D4B2AE-53E4-454D-A1CB-E51168D016F3}"
EndProject
Global
	GlobalSection(SolutionConfigurationPlatforms) = preSolution
		Debug|Any CPU = Debug|Any CPU
		Release|Any CPU = Release|Any CPU
	EndGlobalSection
	GlobalSection(ProjectConfigurationPlatforms) = postSolution
		{A0D4B2AE-53E4-454D-A1CB-E51168D016F3}.Debug|Any CPU.ActiveCfg = Debug|Any CPU
		{A0D4B2AE-53E4-454D-A1CB-E51168D016F3}.Debug|Any CPU.Build.0 = Debug|Any CPU
		{A0D4B2AE-53E4-454D-A1CB-E51168D016F3}.Release|Any CPU.ActiveCfg = Release|Any CPU
		{A0D4B2AE-53E4-454D-A1CB-E51168D016F3}.Release|Any CPU.Build.0 = Release|Any CPU
	EndGlobalSection
	GlobalSection(SolutionProperties) = preSolution
		HideSolutionNode = FALSE
	EndGlobalSection
	GlobalSection(ExtensibilityGlobals) = postSolution
		SolutionGuid = {BF30A2EF-A06D-4A7E-B99B-304221C5FC0C}
	EndGlobalSection
EndGlobal
