<Solution>
  <Folder Name="/src/" />
  <Folder Name="/src/Caching/">
    <Project Path="src/Caching/Woo.Caching.csproj" />
  </Folder>
  <Folder Name="/src/Core/">
    <Project Path="src/Core/Woo.Core.csproj" />
  </Folder>
  <Folder Name="/src/EFCore/">
    <Project Path="src/EFCore/Woo.EFCore.csproj" />
  </Folder>
  <Folder Name="/src/EventStoreDB/">
    <Project Path="src/EventStoreDB/Woo.EventStoreDB.csproj" />
  </Folder>
  <Folder Name="/src/HealthCheck/">
    <Project Path="src/HealthCheck/Woo.HealthCheck.csproj" />
  </Folder>
  <Folder Name="/src/Jwt/">
    <Project Path="src/Jwt/Woo.Jwt.csproj" />
  </Folder>
  <Folder Name="/src/Logging/">
    <Project Path="src/Logging/Woo.Logging.csproj" />
  </Folder>
  <Folder Name="/src/Mapster/">
    <Project Path="src/Mapster/Woo.Mapster.csproj" />
  </Folder>
  <Folder Name="/src/Mongo/">
    <Project Path="src/Mongo/Woo.Mongo.csproj" />
  </Folder>
  <Folder Name="/src/OpenApi/">
    <Project Path="src/OpenApi/Woo.OpenApi.csproj" />
  </Folder>
  <Folder Name="/src/OpenTelemetryCollector/">
    <Project Path="src/OpenTelemetryCollector/Woo.OpenTelemetryCollector.csproj" />
  </Folder>
  <Folder Name="/src/Polly/">
    <Project Path="src/Polly/Woo.Polly.csproj" />
  </Folder>
  <Folder Name="/src/ProblemDetails/">
    <Project Path="src/ProblemDetails/Woo.ProblemDetails.csproj" />
  </Folder>
  <Folder Name="/src/TestBase/">
    <Project Path="src/TestBase/Woo.TestBase.csproj" />
  </Folder>
  <Folder Name="/src/Utils/">
    <Project Path="src/Utils/Woo.Utils.csproj" />
  </Folder>
  <Folder Name="/src/Validation/">
    <Project Path="src/Validation/Woo.Validation.csproj" />
  </Folder>
  <Folder Name="/src/Web/">
    <Project Path="src/Web/Woo.Web.csproj" />
  </Folder>
  <Folder Name="/src/Wolverine/">
    <Project Path="src/Wolverine/Woo.Wolverine.csproj" />
  </Folder>
</Solution>
